
Microsoft Visual Studio Solution File, Format Version 12.00
# Visual Studio 14
VisualStudioVersion = 14.0.25420.1
MinimumVisualStudioVersion = 10.0.40219.1
Project("{FAE04EC0-301F-11D3-BF4B-00C04F79EFBC}") = "Nuits.Prism", "Nuits.Prism\Nuits.Prism.csproj", "{CD34A360-E249-40A0-83CA-8330797788A1}"
EndProject
Project("{FAE04EC0-301F-11D3-BF4B-00C04F79EFBC}") = "Nuits.Prism.Forms", "Nuits.Prism.Forms\Nuits.Prism.Forms.csproj", "{37B32ADC-812F-4D57-BE34-1A3A32C8B2D2}"
EndProject
Project("{FAE04EC0-301F-11D3-BF4B-00C04F79EFBC}") = "Nuits.Prism.Unity.Forms", "Nuits.Prism.Unity.Forms\Nuits.Prism.Unity.Forms.csproj", "{D2610805-6234-473A-BECE-1929C8016F0C}"
EndProject
Project("{2150E333-8FDC-42A3-9474-1A3956D46DE8}") = "Tests", "Tests", "{D2A2BDD4-DD1E-4453-AD3D-51B23448397E}"
EndProject
Project("{FAE04EC0-301F-11D3-BF4B-00C04F79EFBC}") = "Nuits.Prism.Tests", "Nuits.Prism.Tests\Nuits.Prism.Tests.csproj", "{B5D253CF-1D31-4E78-BEDE-E65DD57D2572}"
EndProject
Project("{FAE04EC0-301F-11D3-BF4B-00C04F79EFBC}") = "Nuits.Prism.Forms.Tests", "Nuits.Prism.Forms.Tests\Nuits.Prism.Forms.Tests.csproj", "{6ADD3E4D-3460-4078-9A63-072F2636A867}"
EndProject
Project("{FAE04EC0-301F-11D3-BF4B-00C04F79EFBC}") = "Nuits.Prism.Unity.Forms.Tests", "Nuits.Prism.Unity.Forms.Tests\Nuits.Prism.Unity.Forms.Tests.csproj", "{B36E3A9C-2525-4072-8058-0F4CB3616AD3}"
EndProject
Project("{2150E333-8FDC-42A3-9474-1A3956D46DE8}") = "Sample", "Sample", "{18A99849-2448-401F-A8F1-BE2B7F765E49}"
EndProject
Project("{FAE04EC0-301F-11D3-BF4B-00C04F79EFBC}") = "EmployeeManager", "..\Sample\EmployeeManager\EmployeeManager\EmployeeManager.csproj", "{36294832-BB2F-46A2-B417-53CE4380F1DB}"
EndProject
Project("{FAE04EC0-301F-11D3-BF4B-00C04F79EFBC}") = "EmployeeManager.Droid", "..\Sample\EmployeeManager\EmployeeManager.Droid\EmployeeManager.Droid.csproj", "{C55A401E-793B-4D93-AD9C-DEE28434CAC2}"
EndProject
Project("{FAE04EC0-301F-11D3-BF4B-00C04F79EFBC}") = "EmployeeManager.iOS", "..\Sample\EmployeeManager\EmployeeManager.iOS\EmployeeManager.iOS.csproj", "{A4F6A673-87FF-4B38-A764-498211EF95CF}"
EndProject
Project("{FAE04EC0-301F-11D3-BF4B-00C04F79EFBC}") = "EmployeeManager.UWP", "..\Sample\EmployeeManager\EmployeeManager.UWP\EmployeeManager.UWP.csproj", "{806E2E2B-8B21-4CA3-8BAD-E8115CD5C48C}"
EndProject
Project("{FAE04EC0-301F-11D3-BF4B-00C04F79EFBC}") = "Nuits.Prism.Tests.Views", "Nuits.Prism.Tests.Views\Nuits.Prism.Tests.Views.csproj", "{C7BA5258-117A-4F25-9CB0-535EBD8F502E}"
EndProject
Project("{FAE04EC0-301F-11D3-BF4B-00C04F79EFBC}") = "Nuits.Prism.Tests.ViewModels", "Nuits.Prism.Tests.ViewModels\Nuits.Prism.Tests.ViewModels.csproj", "{3C3C018A-DE44-42B7-9C23-D6A45676063A}"
EndProject
Project("{FAE04EC0-301F-11D3-BF4B-00C04F79EFBC}") = "Nuits,Unity", "Nuits,Unity\Nuits,Unity.csproj", "{16FB2CC9-661F-4E18-8648-167A2E26F960}"
EndProject
Project("{FAE04EC0-301F-11D3-BF4B-00C04F79EFBC}") = "Nuits,Unity.Tests", "Nuits,Unity.Tests\Nuits,Unity.Tests.csproj", "{C955B1D9-D2C2-4EF9-9102-1798312FEEB2}"
EndProject
Project("{FAE04EC0-301F-11D3-BF4B-00C04F79EFBC}") = "Nuits.Unity", "Nuits.Unity\Nuits.Unity.csproj", "{5AE91EBE-6A87-48FA-BDC3-B2F755067448}"
EndProject
Project("{FAE04EC0-301F-11D3-BF4B-00C04F79EFBC}") = "Nuits.Unity.Tests", "Nuits.Unity.Tests\Nuits.Unity.Tests.csproj", "{F2107C90-DB35-40D6-9D09-B3715B365B10}"
EndProject
Global
	GlobalSection(SolutionConfigurationPlatforms) = preSolution
		Ad-Hoc|Any CPU = Ad-Hoc|Any CPU
		Ad-Hoc|ARM = Ad-Hoc|ARM
		Ad-Hoc|iPhone = Ad-Hoc|iPhone
		Ad-Hoc|iPhoneSimulator = Ad-Hoc|iPhoneSimulator
		Ad-Hoc|x64 = Ad-Hoc|x64
		Ad-Hoc|x86 = Ad-Hoc|x86
		AppStore|Any CPU = AppStore|Any CPU
		AppStore|ARM = AppStore|ARM
		AppStore|iPhone = AppStore|iPhone
		AppStore|iPhoneSimulator = AppStore|iPhoneSimulator
		AppStore|x64 = AppStore|x64
		AppStore|x86 = AppStore|x86
		Debug|Any CPU = Debug|Any CPU
		Debug|ARM = Debug|ARM
		Debug|iPhone = Debug|iPhone
		Debug|iPhoneSimulator = Debug|iPhoneSimulator
		Debug|x64 = Debug|x64
		Debug|x86 = Debug|x86
		Release|Any CPU = Release|Any CPU
		Release|ARM = Release|ARM
		Release|iPhone = Release|iPhone
		Release|iPhoneSimulator = Release|iPhoneSimulator
		Release|x64 = Release|x64
		Release|x86 = Release|x86
	EndGlobalSection
	GlobalSection(ProjectConfigurationPlatforms) = postSolution
		{CD34A360-E249-40A0-83CA-8330797788A1}.Ad-Hoc|Any CPU.ActiveCfg = Release|Any CPU
		{CD34A360-E249-40A0-83CA-8330797788A1}.Ad-Hoc|Any CPU.Build.0 = Release|Any CPU
		{CD34A360-E249-40A0-83CA-8330797788A1}.Ad-Hoc|ARM.ActiveCfg = Release|Any CPU
		{CD34A360-E249-40A0-83CA-8330797788A1}.Ad-Hoc|ARM.Build.0 = Release|Any CPU
		{CD34A360-E249-40A0-83CA-8330797788A1}.Ad-Hoc|iPhone.ActiveCfg = Release|Any CPU
		{CD34A360-E249-40A0-83CA-8330797788A1}.Ad-Hoc|iPhone.Build.0 = Release|Any CPU
		{CD34A360-E249-40A0-83CA-8330797788A1}.Ad-Hoc|iPhoneSimulator.ActiveCfg = Release|Any CPU
		{CD34A360-E249-40A0-83CA-8330797788A1}.Ad-Hoc|iPhoneSimulator.Build.0 = Release|Any CPU
		{CD34A360-E249-40A0-83CA-8330797788A1}.Ad-Hoc|x64.ActiveCfg = Release|Any CPU
		{CD34A360-E249-40A0-83CA-8330797788A1}.Ad-Hoc|x64.Build.0 = Release|Any CPU
		{CD34A360-E249-40A0-83CA-8330797788A1}.Ad-Hoc|x86.ActiveCfg = Release|Any CPU
		{CD34A360-E249-40A0-83CA-8330797788A1}.Ad-Hoc|x86.Build.0 = Release|Any CPU
		{CD34A360-E249-40A0-83CA-8330797788A1}.AppStore|Any CPU.ActiveCfg = Release|Any CPU
		{CD34A360-E249-40A0-83CA-8330797788A1}.AppStore|Any CPU.Build.0 = Release|Any CPU
		{CD34A360-E249-40A0-83CA-8330797788A1}.AppStore|ARM.ActiveCfg = Release|Any CPU
		{CD34A360-E249-40A0-83CA-8330797788A1}.AppStore|ARM.Build.0 = Release|Any CPU
		{CD34A360-E249-40A0-83CA-8330797788A1}.AppStore|iPhone.ActiveCfg = Release|Any CPU
		{CD34A360-E249-40A0-83CA-8330797788A1}.AppStore|iPhone.Build.0 = Release|Any CPU
		{CD34A360-E249-40A0-83CA-8330797788A1}.AppStore|iPhoneSimulator.ActiveCfg = Release|Any CPU
		{CD34A360-E249-40A0-83CA-8330797788A1}.AppStore|iPhoneSimulator.Build.0 = Release|Any CPU
		{CD34A360-E249-40A0-83CA-8330797788A1}.AppStore|x64.ActiveCfg = Release|Any CPU
		{CD34A360-E249-40A0-83CA-8330797788A1}.AppStore|x64.Build.0 = Release|Any CPU
		{CD34A360-E249-40A0-83CA-8330797788A1}.AppStore|x86.ActiveCfg = Release|Any CPU
		{CD34A360-E249-40A0-83CA-8330797788A1}.AppStore|x86.Build.0 = Release|Any CPU
		{CD34A360-E249-40A0-83CA-8330797788A1}.Debug|Any CPU.ActiveCfg = Debug|Any CPU
		{CD34A360-E249-40A0-83CA-8330797788A1}.Debug|Any CPU.Build.0 = Debug|Any CPU
		{CD34A360-E249-40A0-83CA-8330797788A1}.Debug|ARM.ActiveCfg = Debug|Any CPU
		{CD34A360-E249-40A0-83CA-8330797788A1}.Debug|ARM.Build.0 = Debug|Any CPU
		{CD34A360-E249-40A0-83CA-8330797788A1}.Debug|iPhone.ActiveCfg = Debug|Any CPU
		{CD34A360-E249-40A0-83CA-8330797788A1}.Debug|iPhone.Build.0 = Debug|Any CPU
		{CD34A360-E249-40A0-83CA-8330797788A1}.Debug|iPhoneSimulator.ActiveCfg = Debug|Any CPU
		{CD34A360-E249-40A0-83CA-8330797788A1}.Debug|iPhoneSimulator.Build.0 = Debug|Any CPU
		{CD34A360-E249-40A0-83CA-8330797788A1}.Debug|x64.ActiveCfg = Debug|Any CPU
		{CD34A360-E249-40A0-83CA-8330797788A1}.Debug|x64.Build.0 = Debug|Any CPU
		{CD34A360-E249-40A0-83CA-8330797788A1}.Debug|x86.ActiveCfg = Debug|Any CPU
		{CD34A360-E249-40A0-83CA-8330797788A1}.Debug|x86.Build.0 = Debug|Any CPU
		{CD34A360-E249-40A0-83CA-8330797788A1}.Release|Any CPU.ActiveCfg = Release|Any CPU
		{CD34A360-E249-40A0-83CA-8330797788A1}.Release|Any CPU.Build.0 = Release|Any CPU
		{CD34A360-E249-40A0-83CA-8330797788A1}.Release|ARM.ActiveCfg = Release|Any CPU
		{CD34A360-E249-40A0-83CA-8330797788A1}.Release|ARM.Build.0 = Release|Any CPU
		{CD34A360-E249-40A0-83CA-8330797788A1}.Release|iPhone.ActiveCfg = Release|Any CPU
		{CD34A360-E249-40A0-83CA-8330797788A1}.Release|iPhone.Build.0 = Release|Any CPU
		{CD34A360-E249-40A0-83CA-8330797788A1}.Release|iPhoneSimulator.ActiveCfg = Release|Any CPU
		{CD34A360-E249-40A0-83CA-8330797788A1}.Release|iPhoneSimulator.Build.0 = Release|Any CPU
		{CD34A360-E249-40A0-83CA-8330797788A1}.Release|x64.ActiveCfg = Release|Any CPU
		{CD34A360-E249-40A0-83CA-8330797788A1}.Release|x64.Build.0 = Release|Any CPU
		{CD34A360-E249-40A0-83CA-8330797788A1}.Release|x86.ActiveCfg = Release|Any CPU
		{CD34A360-E249-40A0-83CA-8330797788A1}.Release|x86.Build.0 = Release|Any CPU
		{37B32ADC-812F-4D57-BE34-1A3A32C8B2D2}.Ad-Hoc|Any CPU.ActiveCfg = Release|Any CPU
		{37B32ADC-812F-4D57-BE34-1A3A32C8B2D2}.Ad-Hoc|Any CPU.Build.0 = Release|Any CPU
		{37B32ADC-812F-4D57-BE34-1A3A32C8B2D2}.Ad-Hoc|ARM.ActiveCfg = Release|Any CPU
		{37B32ADC-812F-4D57-BE34-1A3A32C8B2D2}.Ad-Hoc|ARM.Build.0 = Release|Any CPU
		{37B32ADC-812F-4D57-BE34-1A3A32C8B2D2}.Ad-Hoc|iPhone.ActiveCfg = Release|Any CPU
		{37B32ADC-812F-4D57-BE34-1A3A32C8B2D2}.Ad-Hoc|iPhone.Build.0 = Release|Any CPU
		{37B32ADC-812F-4D57-BE34-1A3A32C8B2D2}.Ad-Hoc|iPhoneSimulator.ActiveCfg = Release|Any CPU
		{37B32ADC-812F-4D57-BE34-1A3A32C8B2D2}.Ad-Hoc|iPhoneSimulator.Build.0 = Release|Any CPU
		{37B32ADC-812F-4D57-BE34-1A3A32C8B2D2}.Ad-Hoc|x64.ActiveCfg = Release|Any CPU
		{37B32ADC-812F-4D57-BE34-1A3A32C8B2D2}.Ad-Hoc|x64.Build.0 = Release|Any CPU
		{37B32ADC-812F-4D57-BE34-1A3A32C8B2D2}.Ad-Hoc|x86.ActiveCfg = Release|Any CPU
		{37B32ADC-812F-4D57-BE34-1A3A32C8B2D2}.Ad-Hoc|x86.Build.0 = Release|Any CPU
		{37B32ADC-812F-4D57-BE34-1A3A32C8B2D2}.AppStore|Any CPU.ActiveCfg = Release|Any CPU
		{37B32ADC-812F-4D57-BE34-1A3A32C8B2D2}.AppStore|Any CPU.Build.0 = Release|Any CPU
		{37B32ADC-812F-4D57-BE34-1A3A32C8B2D2}.AppStore|ARM.ActiveCfg = Release|Any CPU
		{37B32ADC-812F-4D57-BE34-1A3A32C8B2D2}.AppStore|ARM.Build.0 = Release|Any CPU
		{37B32ADC-812F-4D57-BE34-1A3A32C8B2D2}.AppStore|iPhone.ActiveCfg = Release|Any CPU
		{37B32ADC-812F-4D57-BE34-1A3A32C8B2D2}.AppStore|iPhone.Build.0 = Release|Any CPU
		{37B32ADC-812F-4D57-BE34-1A3A32C8B2D2}.AppStore|iPhoneSimulator.ActiveCfg = Release|Any CPU
		{37B32ADC-812F-4D57-BE34-1A3A32C8B2D2}.AppStore|iPhoneSimulator.Build.0 = Release|Any CPU
		{37B32ADC-812F-4D57-BE34-1A3A32C8B2D2}.AppStore|x64.ActiveCfg = Release|Any CPU
		{37B32ADC-812F-4D57-BE34-1A3A32C8B2D2}.AppStore|x64.Build.0 = Release|Any CPU
		{37B32ADC-812F-4D57-BE34-1A3A32C8B2D2}.AppStore|x86.ActiveCfg = Release|Any CPU
		{37B32ADC-812F-4D57-BE34-1A3A32C8B2D2}.AppStore|x86.Build.0 = Release|Any CPU
		{37B32ADC-812F-4D57-BE34-1A3A32C8B2D2}.Debug|Any CPU.ActiveCfg = Debug|Any CPU
		{37B32ADC-812F-4D57-BE34-1A3A32C8B2D2}.Debug|Any CPU.Build.0 = Debug|Any CPU
		{37B32ADC-812F-4D57-BE34-1A3A32C8B2D2}.Debug|ARM.ActiveCfg = Debug|Any CPU
		{37B32ADC-812F-4D57-BE34-1A3A32C8B2D2}.Debug|ARM.Build.0 = Debug|Any CPU
		{37B32ADC-812F-4D57-BE34-1A3A32C8B2D2}.Debug|iPhone.ActiveCfg = Debug|Any CPU
		{37B32ADC-812F-4D57-BE34-1A3A32C8B2D2}.Debug|iPhone.Build.0 = Debug|Any CPU
		{37B32ADC-812F-4D57-BE34-1A3A32C8B2D2}.Debug|iPhoneSimulator.ActiveCfg = Debug|Any CPU
		{37B32ADC-812F-4D57-BE34-1A3A32C8B2D2}.Debug|iPhoneSimulator.Build.0 = Debug|Any CPU
		{37B32ADC-812F-4D57-BE34-1A3A32C8B2D2}.Debug|x64.ActiveCfg = Debug|Any CPU
		{37B32ADC-812F-4D57-BE34-1A3A32C8B2D2}.Debug|x64.Build.0 = Debug|Any CPU
		{37B32ADC-812F-4D57-BE34-1A3A32C8B2D2}.Debug|x86.ActiveCfg = Debug|Any CPU
		{37B32ADC-812F-4D57-BE34-1A3A32C8B2D2}.Debug|x86.Build.0 = Debug|Any CPU
		{37B32ADC-812F-4D57-BE34-1A3A32C8B2D2}.Release|Any CPU.ActiveCfg = Release|Any CPU
		{37B32ADC-812F-4D57-BE34-1A3A32C8B2D2}.Release|Any CPU.Build.0 = Release|Any CPU
		{37B32ADC-812F-4D57-BE34-1A3A32C8B2D2}.Release|ARM.ActiveCfg = Release|Any CPU
		{37B32ADC-812F-4D57-BE34-1A3A32C8B2D2}.Release|ARM.Build.0 = Release|Any CPU
		{37B32ADC-812F-4D57-BE34-1A3A32C8B2D2}.Release|iPhone.ActiveCfg = Release|Any CPU
		{37B32ADC-812F-4D57-BE34-1A3A32C8B2D2}.Release|iPhone.Build.0 = Release|Any CPU
		{37B32ADC-812F-4D57-BE34-1A3A32C8B2D2}.Release|iPhoneSimulator.ActiveCfg = Release|Any CPU
		{37B32ADC-812F-4D57-BE34-1A3A32C8B2D2}.Release|iPhoneSimulator.Build.0 = Release|Any CPU
		{37B32ADC-812F-4D57-BE34-1A3A32C8B2D2}.Release|x64.ActiveCfg = Release|Any CPU
		{37B32ADC-812F-4D57-BE34-1A3A32C8B2D2}.Release|x64.Build.0 = Release|Any CPU
		{37B32ADC-812F-4D57-BE34-1A3A32C8B2D2}.Release|x86.ActiveCfg = Release|Any CPU
		{37B32ADC-812F-4D57-BE34-1A3A32C8B2D2}.Release|x86.Build.0 = Release|Any CPU
		{D2610805-6234-473A-BECE-1929C8016F0C}.Ad-Hoc|Any CPU.ActiveCfg = Release|Any CPU
		{D2610805-6234-473A-BECE-1929C8016F0C}.Ad-Hoc|Any CPU.Build.0 = Release|Any CPU
		{D2610805-6234-473A-BECE-1929C8016F0C}.Ad-Hoc|ARM.ActiveCfg = Release|Any CPU
		{D2610805-6234-473A-BECE-1929C8016F0C}.Ad-Hoc|ARM.Build.0 = Release|Any CPU
		{D2610805-6234-473A-BECE-1929C8016F0C}.Ad-Hoc|iPhone.ActiveCfg = Release|Any CPU
		{D2610805-6234-473A-BECE-1929C8016F0C}.Ad-Hoc|iPhone.Build.0 = Release|Any CPU
		{D2610805-6234-473A-BECE-1929C8016F0C}.Ad-Hoc|iPhoneSimulator.ActiveCfg = Release|Any CPU
		{D2610805-6234-473A-BECE-1929C8016F0C}.Ad-Hoc|iPhoneSimulator.Build.0 = Release|Any CPU
		{D2610805-6234-473A-BECE-1929C8016F0C}.Ad-Hoc|x64.ActiveCfg = Release|Any CPU
		{D2610805-6234-473A-BECE-1929C8016F0C}.Ad-Hoc|x64.Build.0 = Release|Any CPU
		{D2610805-6234-473A-BECE-1929C8016F0C}.Ad-Hoc|x86.ActiveCfg = Release|Any CPU
		{D2610805-6234-473A-BECE-1929C8016F0C}.Ad-Hoc|x86.Build.0 = Release|Any CPU
		{D2610805-6234-473A-BECE-1929C8016F0C}.AppStore|Any CPU.ActiveCfg = Release|Any CPU
		{D2610805-6234-473A-BECE-1929C8016F0C}.AppStore|Any CPU.Build.0 = Release|Any CPU
		{D2610805-6234-473A-BECE-1929C8016F0C}.AppStore|ARM.ActiveCfg = Release|Any CPU
		{D2610805-6234-473A-BECE-1929C8016F0C}.AppStore|ARM.Build.0 = Release|Any CPU
		{D2610805-6234-473A-BECE-1929C8016F0C}.AppStore|iPhone.ActiveCfg = Release|Any CPU
		{D2610805-6234-473A-BECE-1929C8016F0C}.AppStore|iPhone.Build.0 = Release|Any CPU
		{D2610805-6234-473A-BECE-1929C8016F0C}.AppStore|iPhoneSimulator.ActiveCfg = Release|Any CPU
		{D2610805-6234-473A-BECE-1929C8016F0C}.AppStore|iPhoneSimulator.Build.0 = Release|Any CPU
		{D2610805-6234-473A-BECE-1929C8016F0C}.AppStore|x64.ActiveCfg = Release|Any CPU
		{D2610805-6234-473A-BECE-1929C8016F0C}.AppStore|x64.Build.0 = Release|Any CPU
		{D2610805-6234-473A-BECE-1929C8016F0C}.AppStore|x86.ActiveCfg = Release|Any CPU
		{D2610805-6234-473A-BECE-1929C8016F0C}.AppStore|x86.Build.0 = Release|Any CPU
		{D2610805-6234-473A-BECE-1929C8016F0C}.Debug|Any CPU.ActiveCfg = Debug|Any CPU
		{D2610805-6234-473A-BECE-1929C8016F0C}.Debug|Any CPU.Build.0 = Debug|Any CPU
		{D2610805-6234-473A-BECE-1929C8016F0C}.Debug|ARM.ActiveCfg = Debug|Any CPU
		{D2610805-6234-473A-BECE-1929C8016F0C}.Debug|ARM.Build.0 = Debug|Any CPU
		{D2610805-6234-473A-BECE-1929C8016F0C}.Debug|iPhone.ActiveCfg = Debug|Any CPU
		{D2610805-6234-473A-BECE-1929C8016F0C}.Debug|iPhone.Build.0 = Debug|Any CPU
		{D2610805-6234-473A-BECE-1929C8016F0C}.Debug|iPhoneSimulator.ActiveCfg = Debug|Any CPU
		{D2610805-6234-473A-BECE-1929C8016F0C}.Debug|iPhoneSimulator.Build.0 = Debug|Any CPU
		{D2610805-6234-473A-BECE-1929C8016F0C}.Debug|x64.ActiveCfg = Debug|Any CPU
		{D2610805-6234-473A-BECE-1929C8016F0C}.Debug|x64.Build.0 = Debug|Any CPU
		{D2610805-6234-473A-BECE-1929C8016F0C}.Debug|x86.ActiveCfg = Debug|Any CPU
		{D2610805-6234-473A-BECE-1929C8016F0C}.Debug|x86.Build.0 = Debug|Any CPU
		{D2610805-6234-473A-BECE-1929C8016F0C}.Release|Any CPU.ActiveCfg = Release|Any CPU
		{D2610805-6234-473A-BECE-1929C8016F0C}.Release|Any CPU.Build.0 = Release|Any CPU
		{D2610805-6234-473A-BECE-1929C8016F0C}.Release|ARM.ActiveCfg = Release|Any CPU
		{D2610805-6234-473A-BECE-1929C8016F0C}.Release|ARM.Build.0 = Release|Any CPU
		{D2610805-6234-473A-BECE-1929C8016F0C}.Release|iPhone.ActiveCfg = Release|Any CPU
		{D2610805-6234-473A-BECE-1929C8016F0C}.Release|iPhone.Build.0 = Release|Any CPU
		{D2610805-6234-473A-BECE-1929C8016F0C}.Release|iPhoneSimulator.ActiveCfg = Release|Any CPU
		{D2610805-6234-473A-BECE-1929C8016F0C}.Release|iPhoneSimulator.Build.0 = Release|Any CPU
		{D2610805-6234-473A-BECE-1929C8016F0C}.Release|x64.ActiveCfg = Release|Any CPU
		{D2610805-6234-473A-BECE-1929C8016F0C}.Release|x64.Build.0 = Release|Any CPU
		{D2610805-6234-473A-BECE-1929C8016F0C}.Release|x86.ActiveCfg = Release|Any CPU
		{D2610805-6234-473A-BECE-1929C8016F0C}.Release|x86.Build.0 = Release|Any CPU
		{B5D253CF-1D31-4E78-BEDE-E65DD57D2572}.Ad-Hoc|Any CPU.ActiveCfg = Release|Any CPU
		{B5D253CF-1D31-4E78-BEDE-E65DD57D2572}.Ad-Hoc|Any CPU.Build.0 = Release|Any CPU
		{B5D253CF-1D31-4E78-BEDE-E65DD57D2572}.Ad-Hoc|ARM.ActiveCfg = Release|Any CPU
		{B5D253CF-1D31-4E78-BEDE-E65DD57D2572}.Ad-Hoc|ARM.Build.0 = Release|Any CPU
		{B5D253CF-1D31-4E78-BEDE-E65DD57D2572}.Ad-Hoc|iPhone.ActiveCfg = Release|Any CPU
		{B5D253CF-1D31-4E78-BEDE-E65DD57D2572}.Ad-Hoc|iPhone.Build.0 = Release|Any CPU
		{B5D253CF-1D31-4E78-BEDE-E65DD57D2572}.Ad-Hoc|iPhoneSimulator.ActiveCfg = Release|Any CPU
		{B5D253CF-1D31-4E78-BEDE-E65DD57D2572}.Ad-Hoc|iPhoneSimulator.Build.0 = Release|Any CPU
		{B5D253CF-1D31-4E78-BEDE-E65DD57D2572}.Ad-Hoc|x64.ActiveCfg = Release|Any CPU
		{B5D253CF-1D31-4E78-BEDE-E65DD57D2572}.Ad-Hoc|x64.Build.0 = Release|Any CPU
		{B5D253CF-1D31-4E78-BEDE-E65DD57D2572}.Ad-Hoc|x86.ActiveCfg = Release|Any CPU
		{B5D253CF-1D31-4E78-BEDE-E65DD57D2572}.Ad-Hoc|x86.Build.0 = Release|Any CPU
		{B5D253CF-1D31-4E78-BEDE-E65DD57D2572}.AppStore|Any CPU.ActiveCfg = Release|Any CPU
		{B5D253CF-1D31-4E78-BEDE-E65DD57D2572}.AppStore|Any CPU.Build.0 = Release|Any CPU
		{B5D253CF-1D31-4E78-BEDE-E65DD57D2572}.AppStore|ARM.ActiveCfg = Release|Any CPU
		{B5D253CF-1D31-4E78-BEDE-E65DD57D2572}.AppStore|ARM.Build.0 = Release|Any CPU
		{B5D253CF-1D31-4E78-BEDE-E65DD57D2572}.AppStore|iPhone.ActiveCfg = Release|Any CPU
		{B5D253CF-1D31-4E78-BEDE-E65DD57D2572}.AppStore|iPhone.Build.0 = Release|Any CPU
		{B5D253CF-1D31-4E78-BEDE-E65DD57D2572}.AppStore|iPhoneSimulator.ActiveCfg = Release|Any CPU
		{B5D253CF-1D31-4E78-BEDE-E65DD57D2572}.AppStore|iPhoneSimulator.Build.0 = Release|Any CPU
		{B5D253CF-1D31-4E78-BEDE-E65DD57D2572}.AppStore|x64.ActiveCfg = Release|Any CPU
		{B5D253CF-1D31-4E78-BEDE-E65DD57D2572}.AppStore|x64.Build.0 = Release|Any CPU
		{B5D253CF-1D31-4E78-BEDE-E65DD57D2572}.AppStore|x86.ActiveCfg = Release|Any CPU
		{B5D253CF-1D31-4E78-BEDE-E65DD57D2572}.AppStore|x86.Build.0 = Release|Any CPU
		{B5D253CF-1D31-4E78-BEDE-E65DD57D2572}.Debug|Any CPU.ActiveCfg = Debug|Any CPU
		{B5D253CF-1D31-4E78-BEDE-E65DD57D2572}.Debug|Any CPU.Build.0 = Debug|Any CPU
		{B5D253CF-1D31-4E78-BEDE-E65DD57D2572}.Debug|ARM.ActiveCfg = Debug|Any CPU
		{B5D253CF-1D31-4E78-BEDE-E65DD57D2572}.Debug|ARM.Build.0 = Debug|Any CPU
		{B5D253CF-1D31-4E78-BEDE-E65DD57D2572}.Debug|iPhone.ActiveCfg = Debug|Any CPU
		{B5D253CF-1D31-4E78-BEDE-E65DD57D2572}.Debug|iPhone.Build.0 = Debug|Any CPU
		{B5D253CF-1D31-4E78-BEDE-E65DD57D2572}.Debug|iPhoneSimulator.ActiveCfg = Debug|Any CPU
		{B5D253CF-1D31-4E78-BEDE-E65DD57D2572}.Debug|iPhoneSimulator.Build.0 = Debug|Any CPU
		{B5D253CF-1D31-4E78-BEDE-E65DD57D2572}.Debug|x64.ActiveCfg = Debug|Any CPU
		{B5D253CF-1D31-4E78-BEDE-E65DD57D2572}.Debug|x64.Build.0 = Debug|Any CPU
		{B5D253CF-1D31-4E78-BEDE-E65DD57D2572}.Debug|x86.ActiveCfg = Debug|Any CPU
		{B5D253CF-1D31-4E78-BEDE-E65DD57D2572}.Debug|x86.Build.0 = Debug|Any CPU
		{B5D253CF-1D31-4E78-BEDE-E65DD57D2572}.Release|Any CPU.ActiveCfg = Release|Any CPU
		{B5D253CF-1D31-4E78-BEDE-E65DD57D2572}.Release|Any CPU.Build.0 = Release|Any CPU
		{B5D253CF-1D31-4E78-BEDE-E65DD57D2572}.Release|ARM.ActiveCfg = Release|Any CPU
		{B5D253CF-1D31-4E78-BEDE-E65DD57D2572}.Release|ARM.Build.0 = Release|Any CPU
		{B5D253CF-1D31-4E78-BEDE-E65DD57D2572}.Release|iPhone.ActiveCfg = Release|Any CPU
		{B5D253CF-1D31-4E78-BEDE-E65DD57D2572}.Release|iPhone.Build.0 = Release|Any CPU
		{B5D253CF-1D31-4E78-BEDE-E65DD57D2572}.Release|iPhoneSimulator.ActiveCfg = Release|Any CPU
		{B5D253CF-1D31-4E78-BEDE-E65DD57D2572}.Release|iPhoneSimulator.Build.0 = Release|Any CPU
		{B5D253CF-1D31-4E78-BEDE-E65DD57D2572}.Release|x64.ActiveCfg = Release|Any CPU
		{B5D253CF-1D31-4E78-BEDE-E65DD57D2572}.Release|x64.Build.0 = Release|Any CPU
		{B5D253CF-1D31-4E78-BEDE-E65DD57D2572}.Release|x86.ActiveCfg = Release|Any CPU
		{B5D253CF-1D31-4E78-BEDE-E65DD57D2572}.Release|x86.Build.0 = Release|Any CPU
		{6ADD3E4D-3460-4078-9A63-072F2636A867}.Ad-Hoc|Any CPU.ActiveCfg = Release|Any CPU
		{6ADD3E4D-3460-4078-9A63-072F2636A867}.Ad-Hoc|Any CPU.Build.0 = Release|Any CPU
		{6ADD3E4D-3460-4078-9A63-072F2636A867}.Ad-Hoc|ARM.ActiveCfg = Release|Any CPU
		{6ADD3E4D-3460-4078-9A63-072F2636A867}.Ad-Hoc|ARM.Build.0 = Release|Any CPU
		{6ADD3E4D-3460-4078-9A63-072F2636A867}.Ad-Hoc|iPhone.ActiveCfg = Release|Any CPU
		{6ADD3E4D-3460-4078-9A63-072F2636A867}.Ad-Hoc|iPhone.Build.0 = Release|Any CPU
		{6ADD3E4D-3460-4078-9A63-072F2636A867}.Ad-Hoc|iPhoneSimulator.ActiveCfg = Release|Any CPU
		{6ADD3E4D-3460-4078-9A63-072F2636A867}.Ad-Hoc|iPhoneSimulator.Build.0 = Release|Any CPU
		{6ADD3E4D-3460-4078-9A63-072F2636A867}.Ad-Hoc|x64.ActiveCfg = Release|Any CPU
		{6ADD3E4D-3460-4078-9A63-072F2636A867}.Ad-Hoc|x64.Build.0 = Release|Any CPU
		{6ADD3E4D-3460-4078-9A63-072F2636A867}.Ad-Hoc|x86.ActiveCfg = Release|Any CPU
		{6ADD3E4D-3460-4078-9A63-072F2636A867}.Ad-Hoc|x86.Build.0 = Release|Any CPU
		{6ADD3E4D-3460-4078-9A63-072F2636A867}.AppStore|Any CPU.ActiveCfg = Release|Any CPU
		{6ADD3E4D-3460-4078-9A63-072F2636A867}.AppStore|Any CPU.Build.0 = Release|Any CPU
		{6ADD3E4D-3460-4078-9A63-072F2636A867}.AppStore|ARM.ActiveCfg = Release|Any CPU
		{6ADD3E4D-3460-4078-9A63-072F2636A867}.AppStore|ARM.Build.0 = Release|Any CPU
		{6ADD3E4D-3460-4078-9A63-072F2636A867}.AppStore|iPhone.ActiveCfg = Release|Any CPU
		{6ADD3E4D-3460-4078-9A63-072F2636A867}.AppStore|iPhone.Build.0 = Release|Any CPU
		{6ADD3E4D-3460-4078-9A63-072F2636A867}.AppStore|iPhoneSimulator.ActiveCfg = Release|Any CPU
		{6ADD3E4D-3460-4078-9A63-072F2636A867}.AppStore|iPhoneSimulator.Build.0 = Release|Any CPU
		{6ADD3E4D-3460-4078-9A63-072F2636A867}.AppStore|x64.ActiveCfg = Release|Any CPU
		{6ADD3E4D-3460-4078-9A63-072F2636A867}.AppStore|x64.Build.0 = Release|Any CPU
		{6ADD3E4D-3460-4078-9A63-072F2636A867}.AppStore|x86.ActiveCfg = Release|Any CPU
		{6ADD3E4D-3460-4078-9A63-072F2636A867}.AppStore|x86.Build.0 = Release|Any CPU
		{6ADD3E4D-3460-4078-9A63-072F2636A867}.Debug|Any CPU.ActiveCfg = Debug|Any CPU
		{6ADD3E4D-3460-4078-9A63-072F2636A867}.Debug|Any CPU.Build.0 = Debug|Any CPU
		{6ADD3E4D-3460-4078-9A63-072F2636A867}.Debug|ARM.ActiveCfg = Debug|Any CPU
		{6ADD3E4D-3460-4078-9A63-072F2636A867}.Debug|ARM.Build.0 = Debug|Any CPU
		{6ADD3E4D-3460-4078-9A63-072F2636A867}.Debug|iPhone.ActiveCfg = Debug|Any CPU
		{6ADD3E4D-3460-4078-9A63-072F2636A867}.Debug|iPhone.Build.0 = Debug|Any CPU
		{6ADD3E4D-3460-4078-9A63-072F2636A867}.Debug|iPhoneSimulator.ActiveCfg = Debug|Any CPU
		{6ADD3E4D-3460-4078-9A63-072F2636A867}.Debug|iPhoneSimulator.Build.0 = Debug|Any CPU
		{6ADD3E4D-3460-4078-9A63-072F2636A867}.Debug|x64.ActiveCfg = Debug|Any CPU
		{6ADD3E4D-3460-4078-9A63-072F2636A867}.Debug|x64.Build.0 = Debug|Any CPU
		{6ADD3E4D-3460-4078-9A63-072F2636A867}.Debug|x86.ActiveCfg = Debug|Any CPU
		{6ADD3E4D-3460-4078-9A63-072F2636A867}.Debug|x86.Build.0 = Debug|Any CPU
		{6ADD3E4D-3460-4078-9A63-072F2636A867}.Release|Any CPU.ActiveCfg = Release|Any CPU
		{6ADD3E4D-3460-4078-9A63-072F2636A867}.Release|Any CPU.Build.0 = Release|Any CPU
		{6ADD3E4D-3460-4078-9A63-072F2636A867}.Release|ARM.ActiveCfg = Release|Any CPU
		{6ADD3E4D-3460-4078-9A63-072F2636A867}.Release|ARM.Build.0 = Release|Any CPU
		{6ADD3E4D-3460-4078-9A63-072F2636A867}.Release|iPhone.ActiveCfg = Release|Any CPU
		{6ADD3E4D-3460-4078-9A63-072F2636A867}.Release|iPhone.Build.0 = Release|Any CPU
		{6ADD3E4D-3460-4078-9A63-072F2636A867}.Release|iPhoneSimulator.ActiveCfg = Release|Any CPU
		{6ADD3E4D-3460-4078-9A63-072F2636A867}.Release|iPhoneSimulator.Build.0 = Release|Any CPU
		{6ADD3E4D-3460-4078-9A63-072F2636A867}.Release|x64.ActiveCfg = Release|Any CPU
		{6ADD3E4D-3460-4078-9A63-072F2636A867}.Release|x64.Build.0 = Release|Any CPU
		{6ADD3E4D-3460-4078-9A63-072F2636A867}.Release|x86.ActiveCfg = Release|Any CPU
		{6ADD3E4D-3460-4078-9A63-072F2636A867}.Release|x86.Build.0 = Release|Any CPU
		{B36E3A9C-2525-4072-8058-0F4CB3616AD3}.Ad-Hoc|Any CPU.ActiveCfg = Release|Any CPU
		{B36E3A9C-2525-4072-8058-0F4CB3616AD3}.Ad-Hoc|Any CPU.Build.0 = Release|Any CPU
		{B36E3A9C-2525-4072-8058-0F4CB3616AD3}.Ad-Hoc|ARM.ActiveCfg = Release|Any CPU
		{B36E3A9C-2525-4072-8058-0F4CB3616AD3}.Ad-Hoc|ARM.Build.0 = Release|Any CPU
		{B36E3A9C-2525-4072-8058-0F4CB3616AD3}.Ad-Hoc|iPhone.ActiveCfg = Release|Any CPU
		{B36E3A9C-2525-4072-8058-0F4CB3616AD3}.Ad-Hoc|iPhone.Build.0 = Release|Any CPU
		{B36E3A9C-2525-4072-8058-0F4CB3616AD3}.Ad-Hoc|iPhoneSimulator.ActiveCfg = Release|Any CPU
		{B36E3A9C-2525-4072-8058-0F4CB3616AD3}.Ad-Hoc|iPhoneSimulator.Build.0 = Release|Any CPU
		{B36E3A9C-2525-4072-8058-0F4CB3616AD3}.Ad-Hoc|x64.ActiveCfg = Release|Any CPU
		{B36E3A9C-2525-4072-8058-0F4CB3616AD3}.Ad-Hoc|x64.Build.0 = Release|Any CPU
		{B36E3A9C-2525-4072-8058-0F4CB3616AD3}.Ad-Hoc|x86.ActiveCfg = Release|Any CPU
		{B36E3A9C-2525-4072-8058-0F4CB3616AD3}.Ad-Hoc|x86.Build.0 = Release|Any CPU
		{B36E3A9C-2525-4072-8058-0F4CB3616AD3}.AppStore|Any CPU.ActiveCfg = Release|Any CPU
		{B36E3A9C-2525-4072-8058-0F4CB3616AD3}.AppStore|Any CPU.Build.0 = Release|Any CPU
		{B36E3A9C-2525-4072-8058-0F4CB3616AD3}.AppStore|ARM.ActiveCfg = Release|Any CPU
		{B36E3A9C-2525-4072-8058-0F4CB3616AD3}.AppStore|ARM.Build.0 = Release|Any CPU
		{B36E3A9C-2525-4072-8058-0F4CB3616AD3}.AppStore|iPhone.ActiveCfg = Release|Any CPU
		{B36E3A9C-2525-4072-8058-0F4CB3616AD3}.AppStore|iPhone.Build.0 = Release|Any CPU
		{B36E3A9C-2525-4072-8058-0F4CB3616AD3}.AppStore|iPhoneSimulator.ActiveCfg = Release|Any CPU
		{B36E3A9C-2525-4072-8058-0F4CB3616AD3}.AppStore|iPhoneSimulator.Build.0 = Release|Any CPU
		{B36E3A9C-2525-4072-8058-0F4CB3616AD3}.AppStore|x64.ActiveCfg = Release|Any CPU
		{B36E3A9C-2525-4072-8058-0F4CB3616AD3}.AppStore|x64.Build.0 = Release|Any CPU
		{B36E3A9C-2525-4072-8058-0F4CB3616AD3}.AppStore|x86.ActiveCfg = Release|Any CPU
		{B36E3A9C-2525-4072-8058-0F4CB3616AD3}.AppStore|x86.Build.0 = Release|Any CPU
		{B36E3A9C-2525-4072-8058-0F4CB3616AD3}.Debug|Any CPU.ActiveCfg = Debug|Any CPU
		{B36E3A9C-2525-4072-8058-0F4CB3616AD3}.Debug|Any CPU.Build.0 = Debug|Any CPU
		{B36E3A9C-2525-4072-8058-0F4CB3616AD3}.Debug|ARM.ActiveCfg = Debug|Any CPU
		{B36E3A9C-2525-4072-8058-0F4CB3616AD3}.Debug|ARM.Build.0 = Debug|Any CPU
		{B36E3A9C-2525-4072-8058-0F4CB3616AD3}.Debug|iPhone.ActiveCfg = Debug|Any CPU
		{B36E3A9C-2525-4072-8058-0F4CB3616AD3}.Debug|iPhone.Build.0 = Debug|Any CPU
		{B36E3A9C-2525-4072-8058-0F4CB3616AD3}.Debug|iPhoneSimulator.ActiveCfg = Debug|Any CPU
		{B36E3A9C-2525-4072-8058-0F4CB3616AD3}.Debug|iPhoneSimulator.Build.0 = Debug|Any CPU
		{B36E3A9C-2525-4072-8058-0F4CB3616AD3}.Debug|x64.ActiveCfg = Debug|Any CPU
		{B36E3A9C-2525-4072-8058-0F4CB3616AD3}.Debug|x64.Build.0 = Debug|Any CPU
		{B36E3A9C-2525-4072-8058-0F4CB3616AD3}.Debug|x86.ActiveCfg = Debug|Any CPU
		{B36E3A9C-2525-4072-8058-0F4CB3616AD3}.Debug|x86.Build.0 = Debug|Any CPU
		{B36E3A9C-2525-4072-8058-0F4CB3616AD3}.Release|Any CPU.ActiveCfg = Release|Any CPU
		{B36E3A9C-2525-4072-8058-0F4CB3616AD3}.Release|Any CPU.Build.0 = Release|Any CPU
		{B36E3A9C-2525-4072-8058-0F4CB3616AD3}.Release|ARM.ActiveCfg = Release|Any CPU
		{B36E3A9C-2525-4072-8058-0F4CB3616AD3}.Release|ARM.Build.0 = Release|Any CPU
		{B36E3A9C-2525-4072-8058-0F4CB3616AD3}.Release|iPhone.ActiveCfg = Release|Any CPU
		{B36E3A9C-2525-4072-8058-0F4CB3616AD3}.Release|iPhone.Build.0 = Release|Any CPU
		{B36E3A9C-2525-4072-8058-0F4CB3616AD3}.Release|iPhoneSimulator.ActiveCfg = Release|Any CPU
		{B36E3A9C-2525-4072-8058-0F4CB3616AD3}.Release|iPhoneSimulator.Build.0 = Release|Any CPU
		{B36E3A9C-2525-4072-8058-0F4CB3616AD3}.Release|x64.ActiveCfg = Release|Any CPU
		{B36E3A9C-2525-4072-8058-0F4CB3616AD3}.Release|x64.Build.0 = Release|Any CPU
		{B36E3A9C-2525-4072-8058-0F4CB3616AD3}.Release|x86.ActiveCfg = Release|Any CPU
		{B36E3A9C-2525-4072-8058-0F4CB3616AD3}.Release|x86.Build.0 = Release|Any CPU
		{36294832-BB2F-46A2-B417-53CE4380F1DB}.Ad-Hoc|Any CPU.ActiveCfg = Release|Any CPU
		{36294832-BB2F-46A2-B417-53CE4380F1DB}.Ad-Hoc|Any CPU.Build.0 = Release|Any CPU
		{36294832-BB2F-46A2-B417-53CE4380F1DB}.Ad-Hoc|ARM.ActiveCfg = Release|Any CPU
		{36294832-BB2F-46A2-B417-53CE4380F1DB}.Ad-Hoc|ARM.Build.0 = Release|Any CPU
		{36294832-BB2F-46A2-B417-53CE4380F1DB}.Ad-Hoc|iPhone.ActiveCfg = Release|Any CPU
		{36294832-BB2F-46A2-B417-53CE4380F1DB}.Ad-Hoc|iPhone.Build.0 = Release|Any CPU
		{36294832-BB2F-46A2-B417-53CE4380F1DB}.Ad-Hoc|iPhoneSimulator.ActiveCfg = Release|Any CPU
		{36294832-BB2F-46A2-B417-53CE4380F1DB}.Ad-Hoc|iPhoneSimulator.Build.0 = Release|Any CPU
		{36294832-BB2F-46A2-B417-53CE4380F1DB}.Ad-Hoc|x64.ActiveCfg = Release|Any CPU
		{36294832-BB2F-46A2-B417-53CE4380F1DB}.Ad-Hoc|x64.Build.0 = Release|Any CPU
		{36294832-BB2F-46A2-B417-53CE4380F1DB}.Ad-Hoc|x86.ActiveCfg = Release|Any CPU
		{36294832-BB2F-46A2-B417-53CE4380F1DB}.Ad-Hoc|x86.Build.0 = Release|Any CPU
		{36294832-BB2F-46A2-B417-53CE4380F1DB}.AppStore|Any CPU.ActiveCfg = Release|Any CPU
		{36294832-BB2F-46A2-B417-53CE4380F1DB}.AppStore|Any CPU.Build.0 = Release|Any CPU
		{36294832-BB2F-46A2-B417-53CE4380F1DB}.AppStore|ARM.ActiveCfg = Release|Any CPU
		{36294832-BB2F-46A2-B417-53CE4380F1DB}.AppStore|ARM.Build.0 = Release|Any CPU
		{36294832-BB2F-46A2-B417-53CE4380F1DB}.AppStore|iPhone.ActiveCfg = Release|Any CPU
		{36294832-BB2F-46A2-B417-53CE4380F1DB}.AppStore|iPhone.Build.0 = Release|Any CPU
		{36294832-BB2F-46A2-B417-53CE4380F1DB}.AppStore|iPhoneSimulator.ActiveCfg = Release|Any CPU
		{36294832-BB2F-46A2-B417-53CE4380F1DB}.AppStore|iPhoneSimulator.Build.0 = Release|Any CPU
		{36294832-BB2F-46A2-B417-53CE4380F1DB}.AppStore|x64.ActiveCfg = Release|Any CPU
		{36294832-BB2F-46A2-B417-53CE4380F1DB}.AppStore|x64.Build.0 = Release|Any CPU
		{36294832-BB2F-46A2-B417-53CE4380F1DB}.AppStore|x86.ActiveCfg = Release|Any CPU
		{36294832-BB2F-46A2-B417-53CE4380F1DB}.AppStore|x86.Build.0 = Release|Any CPU
		{36294832-BB2F-46A2-B417-53CE4380F1DB}.Debug|Any CPU.ActiveCfg = Debug|Any CPU
		{36294832-BB2F-46A2-B417-53CE4380F1DB}.Debug|Any CPU.Build.0 = Debug|Any CPU
		{36294832-BB2F-46A2-B417-53CE4380F1DB}.Debug|ARM.ActiveCfg = Debug|Any CPU
		{36294832-BB2F-46A2-B417-53CE4380F1DB}.Debug|ARM.Build.0 = Debug|Any CPU
		{36294832-BB2F-46A2-B417-53CE4380F1DB}.Debug|iPhone.ActiveCfg = Debug|Any CPU
		{36294832-BB2F-46A2-B417-53CE4380F1DB}.Debug|iPhone.Build.0 = Debug|Any CPU
		{36294832-BB2F-46A2-B417-53CE4380F1DB}.Debug|iPhoneSimulator.ActiveCfg = Debug|Any CPU
		{36294832-BB2F-46A2-B417-53CE4380F1DB}.Debug|iPhoneSimulator.Build.0 = Debug|Any CPU
		{36294832-BB2F-46A2-B417-53CE4380F1DB}.Debug|x64.ActiveCfg = Debug|Any CPU
		{36294832-BB2F-46A2-B417-53CE4380F1DB}.Debug|x64.Build.0 = Debug|Any CPU
		{36294832-BB2F-46A2-B417-53CE4380F1DB}.Debug|x86.ActiveCfg = Debug|Any CPU
		{36294832-BB2F-46A2-B417-53CE4380F1DB}.Debug|x86.Build.0 = Debug|Any CPU
		{36294832-BB2F-46A2-B417-53CE4380F1DB}.Release|Any CPU.ActiveCfg = Release|Any CPU
		{36294832-BB2F-46A2-B417-53CE4380F1DB}.Release|Any CPU.Build.0 = Release|Any CPU
		{36294832-BB2F-46A2-B417-53CE4380F1DB}.Release|ARM.ActiveCfg = Release|Any CPU
		{36294832-BB2F-46A2-B417-53CE4380F1DB}.Release|ARM.Build.0 = Release|Any CPU
		{36294832-BB2F-46A2-B417-53CE4380F1DB}.Release|iPhone.ActiveCfg = Release|Any CPU
		{36294832-BB2F-46A2-B417-53CE4380F1DB}.Release|iPhone.Build.0 = Release|Any CPU
		{36294832-BB2F-46A2-B417-53CE4380F1DB}.Release|iPhoneSimulator.ActiveCfg = Release|Any CPU
		{36294832-BB2F-46A2-B417-53CE4380F1DB}.Release|iPhoneSimulator.Build.0 = Release|Any CPU
		{36294832-BB2F-46A2-B417-53CE4380F1DB}.Release|x64.ActiveCfg = Release|Any CPU
		{36294832-BB2F-46A2-B417-53CE4380F1DB}.Release|x64.Build.0 = Release|Any CPU
		{36294832-BB2F-46A2-B417-53CE4380F1DB}.Release|x86.ActiveCfg = Release|Any CPU
		{36294832-BB2F-46A2-B417-53CE4380F1DB}.Release|x86.Build.0 = Release|Any CPU
		{C55A401E-793B-4D93-AD9C-DEE28434CAC2}.Ad-Hoc|Any CPU.ActiveCfg = Release|Any CPU
		{C55A401E-793B-4D93-AD9C-DEE28434CAC2}.Ad-Hoc|Any CPU.Build.0 = Release|Any CPU
		{C55A401E-793B-4D93-AD9C-DEE28434CAC2}.Ad-Hoc|Any CPU.Deploy.0 = Release|Any CPU
		{C55A401E-793B-4D93-AD9C-DEE28434CAC2}.Ad-Hoc|ARM.ActiveCfg = Release|Any CPU
		{C55A401E-793B-4D93-AD9C-DEE28434CAC2}.Ad-Hoc|ARM.Build.0 = Release|Any CPU
		{C55A401E-793B-4D93-AD9C-DEE28434CAC2}.Ad-Hoc|ARM.Deploy.0 = Release|Any CPU
		{C55A401E-793B-4D93-AD9C-DEE28434CAC2}.Ad-Hoc|iPhone.ActiveCfg = Release|Any CPU
		{C55A401E-793B-4D93-AD9C-DEE28434CAC2}.Ad-Hoc|iPhone.Build.0 = Release|Any CPU
		{C55A401E-793B-4D93-AD9C-DEE28434CAC2}.Ad-Hoc|iPhone.Deploy.0 = Release|Any CPU
		{C55A401E-793B-4D93-AD9C-DEE28434CAC2}.Ad-Hoc|iPhoneSimulator.ActiveCfg = Release|Any CPU
		{C55A401E-793B-4D93-AD9C-DEE28434CAC2}.Ad-Hoc|iPhoneSimulator.Build.0 = Release|Any CPU
		{C55A401E-793B-4D93-AD9C-DEE28434CAC2}.Ad-Hoc|iPhoneSimulator.Deploy.0 = Release|Any CPU
		{C55A401E-793B-4D93-AD9C-DEE28434CAC2}.Ad-Hoc|x64.ActiveCfg = Release|Any CPU
		{C55A401E-793B-4D93-AD9C-DEE28434CAC2}.Ad-Hoc|x64.Build.0 = Release|Any CPU
		{C55A401E-793B-4D93-AD9C-DEE28434CAC2}.Ad-Hoc|x64.Deploy.0 = Release|Any CPU
		{C55A401E-793B-4D93-AD9C-DEE28434CAC2}.Ad-Hoc|x86.ActiveCfg = Release|Any CPU
		{C55A401E-793B-4D93-AD9C-DEE28434CAC2}.Ad-Hoc|x86.Build.0 = Release|Any CPU
		{C55A401E-793B-4D93-AD9C-DEE28434CAC2}.Ad-Hoc|x86.Deploy.0 = Release|Any CPU
		{C55A401E-793B-4D93-AD9C-DEE28434CAC2}.AppStore|Any CPU.ActiveCfg = Release|Any CPU
		{C55A401E-793B-4D93-AD9C-DEE28434CAC2}.AppStore|Any CPU.Build.0 = Release|Any CPU
		{C55A401E-793B-4D93-AD9C-DEE28434CAC2}.AppStore|Any CPU.Deploy.0 = Release|Any CPU
		{C55A401E-793B-4D93-AD9C-DEE28434CAC2}.AppStore|ARM.ActiveCfg = Release|Any CPU
		{C55A401E-793B-4D93-AD9C-DEE28434CAC2}.AppStore|ARM.Build.0 = Release|Any CPU
		{C55A401E-793B-4D93-AD9C-DEE28434CAC2}.AppStore|ARM.Deploy.0 = Release|Any CPU
		{C55A401E-793B-4D93-AD9C-DEE28434CAC2}.AppStore|iPhone.ActiveCfg = Release|Any CPU
		{C55A401E-793B-4D93-AD9C-DEE28434CAC2}.AppStore|iPhone.Build.0 = Release|Any CPU
		{C55A401E-793B-4D93-AD9C-DEE28434CAC2}.AppStore|iPhone.Deploy.0 = Release|Any CPU
		{C55A401E-793B-4D93-AD9C-DEE28434CAC2}.AppStore|iPhoneSimulator.ActiveCfg = Release|Any CPU
		{C55A401E-793B-4D93-AD9C-DEE28434CAC2}.AppStore|iPhoneSimulator.Build.0 = Release|Any CPU
		{C55A401E-793B-4D93-AD9C-DEE28434CAC2}.AppStore|iPhoneSimulator.Deploy.0 = Release|Any CPU
		{C55A401E-793B-4D93-AD9C-DEE28434CAC2}.AppStore|x64.ActiveCfg = Release|Any CPU
		{C55A401E-793B-4D93-AD9C-DEE28434CAC2}.AppStore|x64.Build.0 = Release|Any CPU
		{C55A401E-793B-4D93-AD9C-DEE28434CAC2}.AppStore|x64.Deploy.0 = Release|Any CPU
		{C55A401E-793B-4D93-AD9C-DEE28434CAC2}.AppStore|x86.ActiveCfg = Release|Any CPU
		{C55A401E-793B-4D93-AD9C-DEE28434CAC2}.AppStore|x86.Build.0 = Release|Any CPU
		{C55A401E-793B-4D93-AD9C-DEE28434CAC2}.AppStore|x86.Deploy.0 = Release|Any CPU
		{C55A401E-793B-4D93-AD9C-DEE28434CAC2}.Debug|Any CPU.ActiveCfg = Debug|Any CPU
		{C55A401E-793B-4D93-AD9C-DEE28434CAC2}.Debug|Any CPU.Build.0 = Debug|Any CPU
		{C55A401E-793B-4D93-AD9C-DEE28434CAC2}.Debug|Any CPU.Deploy.0 = Debug|Any CPU
		{C55A401E-793B-4D93-AD9C-DEE28434CAC2}.Debug|ARM.ActiveCfg = Debug|Any CPU
		{C55A401E-793B-4D93-AD9C-DEE28434CAC2}.Debug|ARM.Build.0 = Debug|Any CPU
		{C55A401E-793B-4D93-AD9C-DEE28434CAC2}.Debug|ARM.Deploy.0 = Debug|Any CPU
		{C55A401E-793B-4D93-AD9C-DEE28434CAC2}.Debug|iPhone.ActiveCfg = Debug|Any CPU
		{C55A401E-793B-4D93-AD9C-DEE28434CAC2}.Debug|iPhone.Build.0 = Debug|Any CPU
		{C55A401E-793B-4D93-AD9C-DEE28434CAC2}.Debug|iPhone.Deploy.0 = Debug|Any CPU
		{C55A401E-793B-4D93-AD9C-DEE28434CAC2}.Debug|iPhoneSimulator.ActiveCfg = Debug|Any CPU
		{C55A401E-793B-4D93-AD9C-DEE28434CAC2}.Debug|iPhoneSimulator.Build.0 = Debug|Any CPU
		{C55A401E-793B-4D93-AD9C-DEE28434CAC2}.Debug|iPhoneSimulator.Deploy.0 = Debug|Any CPU
		{C55A401E-793B-4D93-AD9C-DEE28434CAC2}.Debug|x64.ActiveCfg = Debug|Any CPU
		{C55A401E-793B-4D93-AD9C-DEE28434CAC2}.Debug|x64.Build.0 = Debug|Any CPU
		{C55A401E-793B-4D93-AD9C-DEE28434CAC2}.Debug|x64.Deploy.0 = Debug|Any CPU
		{C55A401E-793B-4D93-AD9C-DEE28434CAC2}.Debug|x86.ActiveCfg = Debug|Any CPU
		{C55A401E-793B-4D93-AD9C-DEE28434CAC2}.Debug|x86.Build.0 = Debug|Any CPU
		{C55A401E-793B-4D93-AD9C-DEE28434CAC2}.Debug|x86.Deploy.0 = Debug|Any CPU
		{C55A401E-793B-4D93-AD9C-DEE28434CAC2}.Release|Any CPU.ActiveCfg = Release|Any CPU
		{C55A401E-793B-4D93-AD9C-DEE28434CAC2}.Release|Any CPU.Build.0 = Release|Any CPU
		{C55A401E-793B-4D93-AD9C-DEE28434CAC2}.Release|Any CPU.Deploy.0 = Release|Any CPU
		{C55A401E-793B-4D93-AD9C-DEE28434CAC2}.Release|ARM.ActiveCfg = Release|Any CPU
		{C55A401E-793B-4D93-AD9C-DEE28434CAC2}.Release|ARM.Build.0 = Release|Any CPU
		{C55A401E-793B-4D93-AD9C-DEE28434CAC2}.Release|ARM.Deploy.0 = Release|Any CPU
		{C55A401E-793B-4D93-AD9C-DEE28434CAC2}.Release|iPhone.ActiveCfg = Release|Any CPU
		{C55A401E-793B-4D93-AD9C-DEE28434CAC2}.Release|iPhone.Build.0 = Release|Any CPU
		{C55A401E-793B-4D93-AD9C-DEE28434CAC2}.Release|iPhone.Deploy.0 = Release|Any CPU
		{C55A401E-793B-4D93-AD9C-DEE28434CAC2}.Release|iPhoneSimulator.ActiveCfg = Release|Any CPU
		{C55A401E-793B-4D93-AD9C-DEE28434CAC2}.Release|iPhoneSimulator.Build.0 = Release|Any CPU
		{C55A401E-793B-4D93-AD9C-DEE28434CAC2}.Release|iPhoneSimulator.Deploy.0 = Release|Any CPU
		{C55A401E-793B-4D93-AD9C-DEE28434CAC2}.Release|x64.ActiveCfg = Release|Any CPU
		{C55A401E-793B-4D93-AD9C-DEE28434CAC2}.Release|x64.Build.0 = Release|Any CPU
		{C55A401E-793B-4D93-AD9C-DEE28434CAC2}.Release|x64.Deploy.0 = Release|Any CPU
		{C55A401E-793B-4D93-AD9C-DEE28434CAC2}.Release|x86.ActiveCfg = Release|Any CPU
		{C55A401E-793B-4D93-AD9C-DEE28434CAC2}.Release|x86.Build.0 = Release|Any CPU
		{C55A401E-793B-4D93-AD9C-DEE28434CAC2}.Release|x86.Deploy.0 = Release|Any CPU
		{A4F6A673-87FF-4B38-A764-498211EF95CF}.Ad-Hoc|Any CPU.ActiveCfg = Ad-Hoc|iPhone
		{A4F6A673-87FF-4B38-A764-498211EF95CF}.Ad-Hoc|ARM.ActiveCfg = Ad-Hoc|iPhone
		{A4F6A673-87FF-4B38-A764-498211EF95CF}.Ad-Hoc|iPhone.ActiveCfg = Ad-Hoc|iPhone
		{A4F6A673-87FF-4B38-A764-498211EF95CF}.Ad-Hoc|iPhone.Build.0 = Ad-Hoc|iPhone
		{A4F6A673-87FF-4B38-A764-498211EF95CF}.Ad-Hoc|iPhoneSimulator.ActiveCfg = Ad-Hoc|iPhoneSimulator
		{A4F6A673-87FF-4B38-A764-498211EF95CF}.Ad-Hoc|iPhoneSimulator.Build.0 = Ad-Hoc|iPhoneSimulator
		{A4F6A673-87FF-4B38-A764-498211EF95CF}.Ad-Hoc|x64.ActiveCfg = Ad-Hoc|iPhone
		{A4F6A673-87FF-4B38-A764-498211EF95CF}.Ad-Hoc|x86.ActiveCfg = Ad-Hoc|iPhone
		{A4F6A673-87FF-4B38-A764-498211EF95CF}.AppStore|Any CPU.ActiveCfg = AppStore|iPhone
		{A4F6A673-87FF-4B38-A764-498211EF95CF}.AppStore|ARM.ActiveCfg = AppStore|iPhone
		{A4F6A673-87FF-4B38-A764-498211EF95CF}.AppStore|iPhone.ActiveCfg = AppStore|iPhone
		{A4F6A673-87FF-4B38-A764-498211EF95CF}.AppStore|iPhone.Build.0 = AppStore|iPhone
		{A4F6A673-87FF-4B38-A764-498211EF95CF}.AppStore|iPhoneSimulator.ActiveCfg = AppStore|iPhoneSimulator
		{A4F6A673-87FF-4B38-A764-498211EF95CF}.AppStore|iPhoneSimulator.Build.0 = AppStore|iPhoneSimulator
		{A4F6A673-87FF-4B38-A764-498211EF95CF}.AppStore|x64.ActiveCfg = AppStore|iPhone
		{A4F6A673-87FF-4B38-A764-498211EF95CF}.AppStore|x86.ActiveCfg = AppStore|iPhone
		{A4F6A673-87FF-4B38-A764-498211EF95CF}.Debug|Any CPU.ActiveCfg = Debug|iPhone
		{A4F6A673-87FF-4B38-A764-498211EF95CF}.Debug|ARM.ActiveCfg = Debug|iPhone
		{A4F6A673-87FF-4B38-A764-498211EF95CF}.Debug|iPhone.ActiveCfg = Debug|iPhone
		{A4F6A673-87FF-4B38-A764-498211EF95CF}.Debug|iPhone.Build.0 = Debug|iPhone
		{A4F6A673-87FF-4B38-A764-498211EF95CF}.Debug|iPhoneSimulator.ActiveCfg = Debug|iPhoneSimulator
		{A4F6A673-87FF-4B38-A764-498211EF95CF}.Debug|iPhoneSimulator.Build.0 = Debug|iPhoneSimulator
		{A4F6A673-87FF-4B38-A764-498211EF95CF}.Debug|x64.ActiveCfg = Debug|iPhone
		{A4F6A673-87FF-4B38-A764-498211EF95CF}.Debug|x86.ActiveCfg = Debug|iPhone
		{A4F6A673-87FF-4B38-A764-498211EF95CF}.Release|Any CPU.ActiveCfg = Release|iPhone
		{A4F6A673-87FF-4B38-A764-498211EF95CF}.Release|ARM.ActiveCfg = Release|iPhone
		{A4F6A673-87FF-4B38-A764-498211EF95CF}.Release|iPhone.ActiveCfg = Release|iPhone
		{A4F6A673-87FF-4B38-A764-498211EF95CF}.Release|iPhone.Build.0 = Release|iPhone
		{A4F6A673-87FF-4B38-A764-498211EF95CF}.Release|iPhoneSimulator.ActiveCfg = Release|iPhoneSimulator
		{A4F6A673-87FF-4B38-A764-498211EF95CF}.Release|iPhoneSimulator.Build.0 = Release|iPhoneSimulator
		{A4F6A673-87FF-4B38-A764-498211EF95CF}.Release|x64.ActiveCfg = Release|iPhone
		{A4F6A673-87FF-4B38-A764-498211EF95CF}.Release|x86.ActiveCfg = Release|iPhone
		{806E2E2B-8B21-4CA3-8BAD-E8115CD5C48C}.Ad-Hoc|Any CPU.ActiveCfg = Release|x86
		{806E2E2B-8B21-4CA3-8BAD-E8115CD5C48C}.Ad-Hoc|Any CPU.Build.0 = Release|x86
		{806E2E2B-8B21-4CA3-8BAD-E8115CD5C48C}.Ad-Hoc|Any CPU.Deploy.0 = Release|x86
		{806E2E2B-8B21-4CA3-8BAD-E8115CD5C48C}.Ad-Hoc|ARM.ActiveCfg = Release|ARM
		{806E2E2B-8B21-4CA3-8BAD-E8115CD5C48C}.Ad-Hoc|ARM.Build.0 = Release|ARM
		{806E2E2B-8B21-4CA3-8BAD-E8115CD5C48C}.Ad-Hoc|ARM.Deploy.0 = Release|ARM
		{806E2E2B-8B21-4CA3-8BAD-E8115CD5C48C}.Ad-Hoc|iPhone.ActiveCfg = Release|x86
		{806E2E2B-8B21-4CA3-8BAD-E8115CD5C48C}.Ad-Hoc|iPhone.Build.0 = Release|x86
		{806E2E2B-8B21-4CA3-8BAD-E8115CD5C48C}.Ad-Hoc|iPhone.Deploy.0 = Release|x86
		{806E2E2B-8B21-4CA3-8BAD-E8115CD5C48C}.Ad-Hoc|iPhoneSimulator.ActiveCfg = Release|x86
		{806E2E2B-8B21-4CA3-8BAD-E8115CD5C48C}.Ad-Hoc|iPhoneSimulator.Build.0 = Release|x86
		{806E2E2B-8B21-4CA3-8BAD-E8115CD5C48C}.Ad-Hoc|iPhoneSimulator.Deploy.0 = Release|x86
		{806E2E2B-8B21-4CA3-8BAD-E8115CD5C48C}.Ad-Hoc|x64.ActiveCfg = Release|x64
		{806E2E2B-8B21-4CA3-8BAD-E8115CD5C48C}.Ad-Hoc|x64.Build.0 = Release|x64
		{806E2E2B-8B21-4CA3-8BAD-E8115CD5C48C}.Ad-Hoc|x64.Deploy.0 = Release|x64
		{806E2E2B-8B21-4CA3-8BAD-E8115CD5C48C}.Ad-Hoc|x86.ActiveCfg = Release|x86
		{806E2E2B-8B21-4CA3-8BAD-E8115CD5C48C}.Ad-Hoc|x86.Build.0 = Release|x86
		{806E2E2B-8B21-4CA3-8BAD-E8115CD5C48C}.Ad-Hoc|x86.Deploy.0 = Release|x86
		{806E2E2B-8B21-4CA3-8BAD-E8115CD5C48C}.AppStore|Any CPU.ActiveCfg = Release|x86
		{806E2E2B-8B21-4CA3-8BAD-E8115CD5C48C}.AppStore|Any CPU.Build.0 = Release|x86
		{806E2E2B-8B21-4CA3-8BAD-E8115CD5C48C}.AppStore|Any CPU.Deploy.0 = Release|x86
		{806E2E2B-8B21-4CA3-8BAD-E8115CD5C48C}.AppStore|ARM.ActiveCfg = Release|ARM
		{806E2E2B-8B21-4CA3-8BAD-E8115CD5C48C}.AppStore|ARM.Build.0 = Release|ARM
		{806E2E2B-8B21-4CA3-8BAD-E8115CD5C48C}.AppStore|ARM.Deploy.0 = Release|ARM
		{806E2E2B-8B21-4CA3-8BAD-E8115CD5C48C}.AppStore|iPhone.ActiveCfg = Release|x86
		{806E2E2B-8B21-4CA3-8BAD-E8115CD5C48C}.AppStore|iPhone.Build.0 = Release|x86
		{806E2E2B-8B21-4CA3-8BAD-E8115CD5C48C}.AppStore|iPhone.Deploy.0 = Release|x86
		{806E2E2B-8B21-4CA3-8BAD-E8115CD5C48C}.AppStore|iPhoneSimulator.ActiveCfg = Release|x86
		{806E2E2B-8B21-4CA3-8BAD-E8115CD5C48C}.AppStore|iPhoneSimulator.Build.0 = Release|x86
		{806E2E2B-8B21-4CA3-8BAD-E8115CD5C48C}.AppStore|iPhoneSimulator.Deploy.0 = Release|x86
		{806E2E2B-8B21-4CA3-8BAD-E8115CD5C48C}.AppStore|x64.ActiveCfg = Release|x64
		{806E2E2B-8B21-4CA3-8BAD-E8115CD5C48C}.AppStore|x64.Build.0 = Release|x64
		{806E2E2B-8B21-4CA3-8BAD-E8115CD5C48C}.AppStore|x64.Deploy.0 = Release|x64
		{806E2E2B-8B21-4CA3-8BAD-E8115CD5C48C}.AppStore|x86.ActiveCfg = Release|x86
		{806E2E2B-8B21-4CA3-8BAD-E8115CD5C48C}.AppStore|x86.Build.0 = Release|x86
		{806E2E2B-8B21-4CA3-8BAD-E8115CD5C48C}.AppStore|x86.Deploy.0 = Release|x86
		{806E2E2B-8B21-4CA3-8BAD-E8115CD5C48C}.Debug|Any CPU.ActiveCfg = Debug|x86
		{806E2E2B-8B21-4CA3-8BAD-E8115CD5C48C}.Debug|Any CPU.Build.0 = Debug|x86
		{806E2E2B-8B21-4CA3-8BAD-E8115CD5C48C}.Debug|Any CPU.Deploy.0 = Debug|x86
		{806E2E2B-8B21-4CA3-8BAD-E8115CD5C48C}.Debug|ARM.ActiveCfg = Debug|ARM
		{806E2E2B-8B21-4CA3-8BAD-E8115CD5C48C}.Debug|ARM.Build.0 = Debug|ARM
		{806E2E2B-8B21-4CA3-8BAD-E8115CD5C48C}.Debug|ARM.Deploy.0 = Debug|ARM
		{806E2E2B-8B21-4CA3-8BAD-E8115CD5C48C}.Debug|iPhone.ActiveCfg = Debug|x86
		{806E2E2B-8B21-4CA3-8BAD-E8115CD5C48C}.Debug|iPhone.Build.0 = Debug|x86
		{806E2E2B-8B21-4CA3-8BAD-E8115CD5C48C}.Debug|iPhone.Deploy.0 = Debug|x86
		{806E2E2B-8B21-4CA3-8BAD-E8115CD5C48C}.Debug|iPhoneSimulator.ActiveCfg = Debug|x86
		{806E2E2B-8B21-4CA3-8BAD-E8115CD5C48C}.Debug|iPhoneSimulator.Build.0 = Debug|x86
		{806E2E2B-8B21-4CA3-8BAD-E8115CD5C48C}.Debug|iPhoneSimulator.Deploy.0 = Debug|x86
		{806E2E2B-8B21-4CA3-8BAD-E8115CD5C48C}.Debug|x64.ActiveCfg = Debug|x64
		{806E2E2B-8B21-4CA3-8BAD-E8115CD5C48C}.Debug|x64.Build.0 = Debug|x64
		{806E2E2B-8B21-4CA3-8BAD-E8115CD5C48C}.Debug|x64.Deploy.0 = Debug|x64
		{806E2E2B-8B21-4CA3-8BAD-E8115CD5C48C}.Debug|x86.ActiveCfg = Debug|x86
		{806E2E2B-8B21-4CA3-8BAD-E8115CD5C48C}.Debug|x86.Build.0 = Debug|x86
		{806E2E2B-8B21-4CA3-8BAD-E8115CD5C48C}.Debug|x86.Deploy.0 = Debug|x86
		{806E2E2B-8B21-4CA3-8BAD-E8115CD5C48C}.Release|Any CPU.ActiveCfg = Release|x86
		{806E2E2B-8B21-4CA3-8BAD-E8115CD5C48C}.Release|ARM.ActiveCfg = Release|ARM
		{806E2E2B-8B21-4CA3-8BAD-E8115CD5C48C}.Release|ARM.Build.0 = Release|ARM
		{806E2E2B-8B21-4CA3-8BAD-E8115CD5C48C}.Release|ARM.Deploy.0 = Release|ARM
		{806E2E2B-8B21-4CA3-8BAD-E8115CD5C48C}.Release|iPhone.ActiveCfg = Release|x86
		{806E2E2B-8B21-4CA3-8BAD-E8115CD5C48C}.Release|iPhoneSimulator.ActiveCfg = Release|x86
		{806E2E2B-8B21-4CA3-8BAD-E8115CD5C48C}.Release|x64.ActiveCfg = Release|x64
		{806E2E2B-8B21-4CA3-8BAD-E8115CD5C48C}.Release|x64.Build.0 = Release|x64
		{806E2E2B-8B21-4CA3-8BAD-E8115CD5C48C}.Release|x64.Deploy.0 = Release|x64
		{806E2E2B-8B21-4CA3-8BAD-E8115CD5C48C}.Release|x86.ActiveCfg = Release|x86
		{806E2E2B-8B21-4CA3-8BAD-E8115CD5C48C}.Release|x86.Build.0 = Release|x86
		{806E2E2B-8B21-4CA3-8BAD-E8115CD5C48C}.Release|x86.Deploy.0 = Release|x86
		{C7BA5258-117A-4F25-9CB0-535EBD8F502E}.Ad-Hoc|Any CPU.ActiveCfg = Release|Any CPU
		{C7BA5258-117A-4F25-9CB0-535EBD8F502E}.Ad-Hoc|Any CPU.Build.0 = Release|Any CPU
		{C7BA5258-117A-4F25-9CB0-535EBD8F502E}.Ad-Hoc|ARM.ActiveCfg = Release|Any CPU
		{C7BA5258-117A-4F25-9CB0-535EBD8F502E}.Ad-Hoc|ARM.Build.0 = Release|Any CPU
		{C7BA5258-117A-4F25-9CB0-535EBD8F502E}.Ad-Hoc|iPhone.ActiveCfg = Release|Any CPU
		{C7BA5258-117A-4F25-9CB0-535EBD8F502E}.Ad-Hoc|iPhone.Build.0 = Release|Any CPU
		{C7BA5258-117A-4F25-9CB0-535EBD8F502E}.Ad-Hoc|iPhoneSimulator.ActiveCfg = Release|Any CPU
		{C7BA5258-117A-4F25-9CB0-535EBD8F502E}.Ad-Hoc|iPhoneSimulator.Build.0 = Release|Any CPU
		{C7BA5258-117A-4F25-9CB0-535EBD8F502E}.Ad-Hoc|x64.ActiveCfg = Release|Any CPU
		{C7BA5258-117A-4F25-9CB0-535EBD8F502E}.Ad-Hoc|x64.Build.0 = Release|Any CPU
		{C7BA5258-117A-4F25-9CB0-535EBD8F502E}.Ad-Hoc|x86.ActiveCfg = Release|Any CPU
		{C7BA5258-117A-4F25-9CB0-535EBD8F502E}.Ad-Hoc|x86.Build.0 = Release|Any CPU
		{C7BA5258-117A-4F25-9CB0-535EBD8F502E}.AppStore|Any CPU.ActiveCfg = Release|Any CPU
		{C7BA5258-117A-4F25-9CB0-535EBD8F502E}.AppStore|Any CPU.Build.0 = Release|Any CPU
		{C7BA5258-117A-4F25-9CB0-535EBD8F502E}.AppStore|ARM.ActiveCfg = Release|Any CPU
		{C7BA5258-117A-4F25-9CB0-535EBD8F502E}.AppStore|ARM.Build.0 = Release|Any CPU
		{C7BA5258-117A-4F25-9CB0-535EBD8F502E}.AppStore|iPhone.ActiveCfg = Release|Any CPU
		{C7BA5258-117A-4F25-9CB0-535EBD8F502E}.AppStore|iPhone.Build.0 = Release|Any CPU
		{C7BA5258-117A-4F25-9CB0-535EBD8F502E}.AppStore|iPhoneSimulator.ActiveCfg = Release|Any CPU
		{C7BA5258-117A-4F25-9CB0-535EBD8F502E}.AppStore|iPhoneSimulator.Build.0 = Release|Any CPU
		{C7BA5258-117A-4F25-9CB0-535EBD8F502E}.AppStore|x64.ActiveCfg = Release|Any CPU
		{C7BA5258-117A-4F25-9CB0-535EBD8F502E}.AppStore|x64.Build.0 = Release|Any CPU
		{C7BA5258-117A-4F25-9CB0-535EBD8F502E}.AppStore|x86.ActiveCfg = Release|Any CPU
		{C7BA5258-117A-4F25-9CB0-535EBD8F502E}.AppStore|x86.Build.0 = Release|Any CPU
		{C7BA5258-117A-4F25-9CB0-535EBD8F502E}.Debug|Any CPU.ActiveCfg = Debug|Any CPU
		{C7BA5258-117A-4F25-9CB0-535EBD8F502E}.Debug|Any CPU.Build.0 = Debug|Any CPU
		{C7BA5258-117A-4F25-9CB0-535EBD8F502E}.Debug|ARM.ActiveCfg = Debug|Any CPU
		{C7BA5258-117A-4F25-9CB0-535EBD8F502E}.Debug|ARM.Build.0 = Debug|Any CPU
		{C7BA5258-117A-4F25-9CB0-535EBD8F502E}.Debug|iPhone.ActiveCfg = Debug|Any CPU
		{C7BA5258-117A-4F25-9CB0-535EBD8F502E}.Debug|iPhone.Build.0 = Debug|Any CPU
		{C7BA5258-117A-4F25-9CB0-535EBD8F502E}.Debug|iPhoneSimulator.ActiveCfg = Debug|Any CPU
		{C7BA5258-117A-4F25-9CB0-535EBD8F502E}.Debug|iPhoneSimulator.Build.0 = Debug|Any CPU
		{C7BA5258-117A-4F25-9CB0-535EBD8F502E}.Debug|x64.ActiveCfg = Debug|Any CPU
		{C7BA5258-117A-4F25-9CB0-535EBD8F502E}.Debug|x64.Build.0 = Debug|Any CPU
		{C7BA5258-117A-4F25-9CB0-535EBD8F502E}.Debug|x86.ActiveCfg = Debug|Any CPU
		{C7BA5258-117A-4F25-9CB0-535EBD8F502E}.Debug|x86.Build.0 = Debug|Any CPU
		{C7BA5258-117A-4F25-9CB0-535EBD8F502E}.Release|Any CPU.ActiveCfg = Release|Any CPU
		{C7BA5258-117A-4F25-9CB0-535EBD8F502E}.Release|Any CPU.Build.0 = Release|Any CPU
		{C7BA5258-117A-4F25-9CB0-535EBD8F502E}.Release|ARM.ActiveCfg = Release|Any CPU
		{C7BA5258-117A-4F25-9CB0-535EBD8F502E}.Release|ARM.Build.0 = Release|Any CPU
		{C7BA5258-117A-4F25-9CB0-535EBD8F502E}.Release|iPhone.ActiveCfg = Release|Any CPU
		{C7BA5258-117A-4F25-9CB0-535EBD8F502E}.Release|iPhone.Build.0 = Release|Any CPU
		{C7BA5258-117A-4F25-9CB0-535EBD8F502E}.Release|iPhoneSimulator.ActiveCfg = Release|Any CPU
		{C7BA5258-117A-4F25-9CB0-535EBD8F502E}.Release|iPhoneSimulator.Build.0 = Release|Any CPU
		{C7BA5258-117A-4F25-9CB0-535EBD8F502E}.Release|x64.ActiveCfg = Release|Any CPU
		{C7BA5258-117A-4F25-9CB0-535EBD8F502E}.Release|x64.Build.0 = Release|Any CPU
		{C7BA5258-117A-4F25-9CB0-535EBD8F502E}.Release|x86.ActiveCfg = Release|Any CPU
		{C7BA5258-117A-4F25-9CB0-535EBD8F502E}.Release|x86.Build.0 = Release|Any CPU
		{3C3C018A-DE44-42B7-9C23-D6A45676063A}.Ad-Hoc|Any CPU.ActiveCfg = Release|Any CPU
		{3C3C018A-DE44-42B7-9C23-D6A45676063A}.Ad-Hoc|Any CPU.Build.0 = Release|Any CPU
		{3C3C018A-DE44-42B7-9C23-D6A45676063A}.Ad-Hoc|ARM.ActiveCfg = Release|Any CPU
		{3C3C018A-DE44-42B7-9C23-D6A45676063A}.Ad-Hoc|ARM.Build.0 = Release|Any CPU
		{3C3C018A-DE44-42B7-9C23-D6A45676063A}.Ad-Hoc|iPhone.ActiveCfg = Release|Any CPU
		{3C3C018A-DE44-42B7-9C23-D6A45676063A}.Ad-Hoc|iPhone.Build.0 = Release|Any CPU
		{3C3C018A-DE44-42B7-9C23-D6A45676063A}.Ad-Hoc|iPhoneSimulator.ActiveCfg = Release|Any CPU
		{3C3C018A-DE44-42B7-9C23-D6A45676063A}.Ad-Hoc|iPhoneSimulator.Build.0 = Release|Any CPU
		{3C3C018A-DE44-42B7-9C23-D6A45676063A}.Ad-Hoc|x64.ActiveCfg = Release|Any CPU
		{3C3C018A-DE44-42B7-9C23-D6A45676063A}.Ad-Hoc|x64.Build.0 = Release|Any CPU
		{3C3C018A-DE44-42B7-9C23-D6A45676063A}.Ad-Hoc|x86.ActiveCfg = Release|Any CPU
		{3C3C018A-DE44-42B7-9C23-D6A45676063A}.Ad-Hoc|x86.Build.0 = Release|Any CPU
		{3C3C018A-DE44-42B7-9C23-D6A45676063A}.AppStore|Any CPU.ActiveCfg = Release|Any CPU
		{3C3C018A-DE44-42B7-9C23-D6A45676063A}.AppStore|Any CPU.Build.0 = Release|Any CPU
		{3C3C018A-DE44-42B7-9C23-D6A45676063A}.AppStore|ARM.ActiveCfg = Release|Any CPU
		{3C3C018A-DE44-42B7-9C23-D6A45676063A}.AppStore|ARM.Build.0 = Release|Any CPU
		{3C3C018A-DE44-42B7-9C23-D6A45676063A}.AppStore|iPhone.ActiveCfg = Release|Any CPU
		{3C3C018A-DE44-42B7-9C23-D6A45676063A}.AppStore|iPhone.Build.0 = Release|Any CPU
		{3C3C018A-DE44-42B7-9C23-D6A45676063A}.AppStore|iPhoneSimulator.ActiveCfg = Release|Any CPU
		{3C3C018A-DE44-42B7-9C23-D6A45676063A}.AppStore|iPhoneSimulator.Build.0 = Release|Any CPU
		{3C3C018A-DE44-42B7-9C23-D6A45676063A}.AppStore|x64.ActiveCfg = Release|Any CPU
		{3C3C018A-DE44-42B7-9C23-D6A45676063A}.AppStore|x64.Build.0 = Release|Any CPU
		{3C3C018A-DE44-42B7-9C23-D6A45676063A}.AppStore|x86.ActiveCfg = Release|Any CPU
		{3C3C018A-DE44-42B7-9C23-D6A45676063A}.AppStore|x86.Build.0 = Release|Any CPU
		{3C3C018A-DE44-42B7-9C23-D6A45676063A}.Debug|Any CPU.ActiveCfg = Debug|Any CPU
		{3C3C018A-DE44-42B7-9C23-D6A45676063A}.Debug|Any CPU.Build.0 = Debug|Any CPU
		{3C3C018A-DE44-42B7-9C23-D6A45676063A}.Debug|ARM.ActiveCfg = Debug|Any CPU
		{3C3C018A-DE44-42B7-9C23-D6A45676063A}.Debug|ARM.Build.0 = Debug|Any CPU
		{3C3C018A-DE44-42B7-9C23-D6A45676063A}.Debug|iPhone.ActiveCfg = Debug|Any CPU
		{3C3C018A-DE44-42B7-9C23-D6A45676063A}.Debug|iPhone.Build.0 = Debug|Any CPU
		{3C3C018A-DE44-42B7-9C23-D6A45676063A}.Debug|iPhoneSimulator.ActiveCfg = Debug|Any CPU
		{3C3C018A-DE44-42B7-9C23-D6A45676063A}.Debug|iPhoneSimulator.Build.0 = Debug|Any CPU
		{3C3C018A-DE44-42B7-9C23-D6A45676063A}.Debug|x64.ActiveCfg = Debug|Any CPU
		{3C3C018A-DE44-42B7-9C23-D6A45676063A}.Debug|x64.Build.0 = Debug|Any CPU
		{3C3C018A-DE44-42B7-9C23-D6A45676063A}.Debug|x86.ActiveCfg = Debug|Any CPU
		{3C3C018A-DE44-42B7-9C23-D6A45676063A}.Debug|x86.Build.0 = Debug|Any CPU
		{3C3C018A-DE44-42B7-9C23-D6A45676063A}.Release|Any CPU.ActiveCfg = Release|Any CPU
		{3C3C018A-DE44-42B7-9C23-D6A45676063A}.Release|Any CPU.Build.0 = Release|Any CPU
		{3C3C018A-DE44-42B7-9C23-D6A45676063A}.Release|ARM.ActiveCfg = Release|Any CPU
		{3C3C018A-DE44-42B7-9C23-D6A45676063A}.Release|ARM.Build.0 = Release|Any CPU
		{3C3C018A-DE44-42B7-9C23-D6A45676063A}.Release|iPhone.ActiveCfg = Release|Any CPU
		{3C3C018A-DE44-42B7-9C23-D6A45676063A}.Release|iPhone.Build.0 = Release|Any CPU
		{3C3C018A-DE44-42B7-9C23-D6A45676063A}.Release|iPhoneSimulator.ActiveCfg = Release|Any CPU
		{3C3C018A-DE44-42B7-9C23-D6A45676063A}.Release|iPhoneSimulator.Build.0 = Release|Any CPU
		{3C3C018A-DE44-42B7-9C23-D6A45676063A}.Release|x64.ActiveCfg = Release|Any CPU
		{3C3C018A-DE44-42B7-9C23-D6A45676063A}.Release|x64.Build.0 = Release|Any CPU
		{3C3C018A-DE44-42B7-9C23-D6A45676063A}.Release|x86.ActiveCfg = Release|Any CPU
		{3C3C018A-DE44-42B7-9C23-D6A45676063A}.Release|x86.Build.0 = Release|Any CPU
		{16FB2CC9-661F-4E18-8648-167A2E26F960}.Ad-Hoc|Any CPU.ActiveCfg = Release|Any CPU
		{16FB2CC9-661F-4E18-8648-167A2E26F960}.Ad-Hoc|Any CPU.Build.0 = Release|Any CPU
		{16FB2CC9-661F-4E18-8648-167A2E26F960}.Ad-Hoc|ARM.ActiveCfg = Release|Any CPU
		{16FB2CC9-661F-4E18-8648-167A2E26F960}.Ad-Hoc|ARM.Build.0 = Release|Any CPU
		{16FB2CC9-661F-4E18-8648-167A2E26F960}.Ad-Hoc|iPhone.ActiveCfg = Release|Any CPU
		{16FB2CC9-661F-4E18-8648-167A2E26F960}.Ad-Hoc|iPhone.Build.0 = Release|Any CPU
		{16FB2CC9-661F-4E18-8648-167A2E26F960}.Ad-Hoc|iPhoneSimulator.ActiveCfg = Release|Any CPU
		{16FB2CC9-661F-4E18-8648-167A2E26F960}.Ad-Hoc|iPhoneSimulator.Build.0 = Release|Any CPU
		{16FB2CC9-661F-4E18-8648-167A2E26F960}.Ad-Hoc|x64.ActiveCfg = Release|Any CPU
		{16FB2CC9-661F-4E18-8648-167A2E26F960}.Ad-Hoc|x64.Build.0 = Release|Any CPU
		{16FB2CC9-661F-4E18-8648-167A2E26F960}.Ad-Hoc|x86.ActiveCfg = Release|Any CPU
		{16FB2CC9-661F-4E18-8648-167A2E26F960}.Ad-Hoc|x86.Build.0 = Release|Any CPU
		{16FB2CC9-661F-4E18-8648-167A2E26F960}.AppStore|Any CPU.ActiveCfg = Release|Any CPU
		{16FB2CC9-661F-4E18-8648-167A2E26F960}.AppStore|Any CPU.Build.0 = Release|Any CPU
		{16FB2CC9-661F-4E18-8648-167A2E26F960}.AppStore|ARM.ActiveCfg = Release|Any CPU
		{16FB2CC9-661F-4E18-8648-167A2E26F960}.AppStore|ARM.Build.0 = Release|Any CPU
		{16FB2CC9-661F-4E18-8648-167A2E26F960}.AppStore|iPhone.ActiveCfg = Release|Any CPU
		{16FB2CC9-661F-4E18-8648-167A2E26F960}.AppStore|iPhone.Build.0 = Release|Any CPU
		{16FB2CC9-661F-4E18-8648-167A2E26F960}.AppStore|iPhoneSimulator.ActiveCfg = Release|Any CPU
		{16FB2CC9-661F-4E18-8648-167A2E26F960}.AppStore|iPhoneSimulator.Build.0 = Release|Any CPU
		{16FB2CC9-661F-4E18-8648-167A2E26F960}.AppStore|x64.ActiveCfg = Release|Any CPU
		{16FB2CC9-661F-4E18-8648-167A2E26F960}.AppStore|x64.Build.0 = Release|Any CPU
		{16FB2CC9-661F-4E18-8648-167A2E26F960}.AppStore|x86.ActiveCfg = Release|Any CPU
		{16FB2CC9-661F-4E18-8648-167A2E26F960}.AppStore|x86.Build.0 = Release|Any CPU
		{16FB2CC9-661F-4E18-8648-167A2E26F960}.Debug|Any CPU.ActiveCfg = Debug|Any CPU
		{16FB2CC9-661F-4E18-8648-167A2E26F960}.Debug|Any CPU.Build.0 = Debug|Any CPU
		{16FB2CC9-661F-4E18-8648-167A2E26F960}.Debug|ARM.ActiveCfg = Debug|Any CPU
		{16FB2CC9-661F-4E18-8648-167A2E26F960}.Debug|ARM.Build.0 = Debug|Any CPU
		{16FB2CC9-661F-4E18-8648-167A2E26F960}.Debug|iPhone.ActiveCfg = Debug|Any CPU
		{16FB2CC9-661F-4E18-8648-167A2E26F960}.Debug|iPhone.Build.0 = Debug|Any CPU
		{16FB2CC9-661F-4E18-8648-167A2E26F960}.Debug|iPhoneSimulator.ActiveCfg = Debug|Any CPU
		{16FB2CC9-661F-4E18-8648-167A2E26F960}.Debug|iPhoneSimulator.Build.0 = Debug|Any CPU
		{16FB2CC9-661F-4E18-8648-167A2E26F960}.Debug|x64.ActiveCfg = Debug|Any CPU
		{16FB2CC9-661F-4E18-8648-167A2E26F960}.Debug|x64.Build.0 = Debug|Any CPU
		{16FB2CC9-661F-4E18-8648-167A2E26F960}.Debug|x86.ActiveCfg = Debug|Any CPU
		{16FB2CC9-661F-4E18-8648-167A2E26F960}.Debug|x86.Build.0 = Debug|Any CPU
		{16FB2CC9-661F-4E18-8648-167A2E26F960}.Release|Any CPU.ActiveCfg = Release|Any CPU
		{16FB2CC9-661F-4E18-8648-167A2E26F960}.Release|Any CPU.Build.0 = Release|Any CPU
		{16FB2CC9-661F-4E18-8648-167A2E26F960}.Release|ARM.ActiveCfg = Release|Any CPU
		{16FB2CC9-661F-4E18-8648-167A2E26F960}.Release|ARM.Build.0 = Release|Any CPU
		{16FB2CC9-661F-4E18-8648-167A2E26F960}.Release|iPhone.ActiveCfg = Release|Any CPU
		{16FB2CC9-661F-4E18-8648-167A2E26F960}.Release|iPhone.Build.0 = Release|Any CPU
		{16FB2CC9-661F-4E18-8648-167A2E26F960}.Release|iPhoneSimulator.ActiveCfg = Release|Any CPU
		{16FB2CC9-661F-4E18-8648-167A2E26F960}.Release|iPhoneSimulator.Build.0 = Release|Any CPU
		{16FB2CC9-661F-4E18-8648-167A2E26F960}.Release|x64.ActiveCfg = Release|Any CPU
		{16FB2CC9-661F-4E18-8648-167A2E26F960}.Release|x64.Build.0 = Release|Any CPU
		{16FB2CC9-661F-4E18-8648-167A2E26F960}.Release|x86.ActiveCfg = Release|Any CPU
		{16FB2CC9-661F-4E18-8648-167A2E26F960}.Release|x86.Build.0 = Release|Any CPU
		{C955B1D9-D2C2-4EF9-9102-1798312FEEB2}.Ad-Hoc|Any CPU.ActiveCfg = Release|Any CPU
		{C955B1D9-D2C2-4EF9-9102-1798312FEEB2}.Ad-Hoc|Any CPU.Build.0 = Release|Any CPU
		{C955B1D9-D2C2-4EF9-9102-1798312FEEB2}.Ad-Hoc|ARM.ActiveCfg = Release|Any CPU
		{C955B1D9-D2C2-4EF9-9102-1798312FEEB2}.Ad-Hoc|ARM.Build.0 = Release|Any CPU
		{C955B1D9-D2C2-4EF9-9102-1798312FEEB2}.Ad-Hoc|iPhone.ActiveCfg = Release|Any CPU
		{C955B1D9-D2C2-4EF9-9102-1798312FEEB2}.Ad-Hoc|iPhone.Build.0 = Release|Any CPU
		{C955B1D9-D2C2-4EF9-9102-1798312FEEB2}.Ad-Hoc|iPhoneSimulator.ActiveCfg = Release|Any CPU
		{C955B1D9-D2C2-4EF9-9102-1798312FEEB2}.Ad-Hoc|iPhoneSimulator.Build.0 = Release|Any CPU
		{C955B1D9-D2C2-4EF9-9102-1798312FEEB2}.Ad-Hoc|x64.ActiveCfg = Release|Any CPU
		{C955B1D9-D2C2-4EF9-9102-1798312FEEB2}.Ad-Hoc|x64.Build.0 = Release|Any CPU
		{C955B1D9-D2C2-4EF9-9102-1798312FEEB2}.Ad-Hoc|x86.ActiveCfg = Release|Any CPU
		{C955B1D9-D2C2-4EF9-9102-1798312FEEB2}.Ad-Hoc|x86.Build.0 = Release|Any CPU
		{C955B1D9-D2C2-4EF9-9102-1798312FEEB2}.AppStore|Any CPU.ActiveCfg = Release|Any CPU
		{C955B1D9-D2C2-4EF9-9102-1798312FEEB2}.AppStore|Any CPU.Build.0 = Release|Any CPU
		{C955B1D9-D2C2-4EF9-9102-1798312FEEB2}.AppStore|ARM.ActiveCfg = Release|Any CPU
		{C955B1D9-D2C2-4EF9-9102-1798312FEEB2}.AppStore|ARM.Build.0 = Release|Any CPU
		{C955B1D9-D2C2-4EF9-9102-1798312FEEB2}.AppStore|iPhone.ActiveCfg = Release|Any CPU
		{C955B1D9-D2C2-4EF9-9102-1798312FEEB2}.AppStore|iPhone.Build.0 = Release|Any CPU
		{C955B1D9-D2C2-4EF9-9102-1798312FEEB2}.AppStore|iPhoneSimulator.ActiveCfg = Release|Any CPU
		{C955B1D9-D2C2-4EF9-9102-1798312FEEB2}.AppStore|iPhoneSimulator.Build.0 = Release|Any CPU
		{C955B1D9-D2C2-4EF9-9102-1798312FEEB2}.AppStore|x64.ActiveCfg = Release|Any CPU
		{C955B1D9-D2C2-4EF9-9102-1798312FEEB2}.AppStore|x64.Build.0 = Release|Any CPU
		{C955B1D9-D2C2-4EF9-9102-1798312FEEB2}.AppStore|x86.ActiveCfg = Release|Any CPU
		{C955B1D9-D2C2-4EF9-9102-1798312FEEB2}.AppStore|x86.Build.0 = Release|Any CPU
		{C955B1D9-D2C2-4EF9-9102-1798312FEEB2}.Debug|Any CPU.ActiveCfg = Debug|Any CPU
		{C955B1D9-D2C2-4EF9-9102-1798312FEEB2}.Debug|Any CPU.Build.0 = Debug|Any CPU
		{C955B1D9-D2C2-4EF9-9102-1798312FEEB2}.Debug|ARM.ActiveCfg = Debug|Any CPU
		{C955B1D9-D2C2-4EF9-9102-1798312FEEB2}.Debug|ARM.Build.0 = Debug|Any CPU
		{C955B1D9-D2C2-4EF9-9102-1798312FEEB2}.Debug|iPhone.ActiveCfg = Debug|Any CPU
		{C955B1D9-D2C2-4EF9-9102-1798312FEEB2}.Debug|iPhone.Build.0 = Debug|Any CPU
		{C955B1D9-D2C2-4EF9-9102-1798312FEEB2}.Debug|iPhoneSimulator.ActiveCfg = Debug|Any CPU
		{C955B1D9-D2C2-4EF9-9102-1798312FEEB2}.Debug|iPhoneSimulator.Build.0 = Debug|Any CPU
		{C955B1D9-D2C2-4EF9-9102-1798312FEEB2}.Debug|x64.ActiveCfg = Debug|Any CPU
		{C955B1D9-D2C2-4EF9-9102-1798312FEEB2}.Debug|x64.Build.0 = Debug|Any CPU
		{C955B1D9-D2C2-4EF9-9102-1798312FEEB2}.Debug|x86.ActiveCfg = Debug|Any CPU
		{C955B1D9-D2C2-4EF9-9102-1798312FEEB2}.Debug|x86.Build.0 = Debug|Any CPU
		{C955B1D9-D2C2-4EF9-9102-1798312FEEB2}.Release|Any CPU.ActiveCfg = Release|Any CPU
		{C955B1D9-D2C2-4EF9-9102-1798312FEEB2}.Release|Any CPU.Build.0 = Release|Any CPU
		{C955B1D9-D2C2-4EF9-9102-1798312FEEB2}.Release|ARM.ActiveCfg = Release|Any CPU
		{C955B1D9-D2C2-4EF9-9102-1798312FEEB2}.Release|ARM.Build.0 = Release|Any CPU
		{C955B1D9-D2C2-4EF9-9102-1798312FEEB2}.Release|iPhone.ActiveCfg = Release|Any CPU
		{C955B1D9-D2C2-4EF9-9102-1798312FEEB2}.Release|iPhone.Build.0 = Release|Any CPU
		{C955B1D9-D2C2-4EF9-9102-1798312FEEB2}.Release|iPhoneSimulator.ActiveCfg = Release|Any CPU
		{C955B1D9-D2C2-4EF9-9102-1798312FEEB2}.Release|iPhoneSimulator.Build.0 = Release|Any CPU
		{C955B1D9-D2C2-4EF9-9102-1798312FEEB2}.Release|x64.ActiveCfg = Release|Any CPU
		{C955B1D9-D2C2-4EF9-9102-1798312FEEB2}.Release|x64.Build.0 = Release|Any CPU
		{C955B1D9-D2C2-4EF9-9102-1798312FEEB2}.Release|x86.ActiveCfg = Release|Any CPU
		{C955B1D9-D2C2-4EF9-9102-1798312FEEB2}.Release|x86.Build.0 = Release|Any CPU
		{5AE91EBE-6A87-48FA-BDC3-B2F755067448}.Ad-Hoc|Any CPU.ActiveCfg = Release|Any CPU
		{5AE91EBE-6A87-48FA-BDC3-B2F755067448}.Ad-Hoc|Any CPU.Build.0 = Release|Any CPU
		{5AE91EBE-6A87-48FA-BDC3-B2F755067448}.Ad-Hoc|ARM.ActiveCfg = Release|Any CPU
		{5AE91EBE-6A87-48FA-BDC3-B2F755067448}.Ad-Hoc|ARM.Build.0 = Release|Any CPU
		{5AE91EBE-6A87-48FA-BDC3-B2F755067448}.Ad-Hoc|iPhone.ActiveCfg = Release|Any CPU
		{5AE91EBE-6A87-48FA-BDC3-B2F755067448}.Ad-Hoc|iPhone.Build.0 = Release|Any CPU
		{5AE91EBE-6A87-48FA-BDC3-B2F755067448}.Ad-Hoc|iPhoneSimulator.ActiveCfg = Release|Any CPU
		{5AE91EBE-6A87-48FA-BDC3-B2F755067448}.Ad-Hoc|iPhoneSimulator.Build.0 = Release|Any CPU
		{5AE91EBE-6A87-48FA-BDC3-B2F755067448}.Ad-Hoc|x64.ActiveCfg = Release|Any CPU
		{5AE91EBE-6A87-48FA-BDC3-B2F755067448}.Ad-Hoc|x64.Build.0 = Release|Any CPU
		{5AE91EBE-6A87-48FA-BDC3-B2F755067448}.Ad-Hoc|x86.ActiveCfg = Release|Any CPU
		{5AE91EBE-6A87-48FA-BDC3-B2F755067448}.Ad-Hoc|x86.Build.0 = Release|Any CPU
		{5AE91EBE-6A87-48FA-BDC3-B2F755067448}.AppStore|Any CPU.ActiveCfg = Release|Any CPU
		{5AE91EBE-6A87-48FA-BDC3-B2F755067448}.AppStore|Any CPU.Build.0 = Release|Any CPU
		{5AE91EBE-6A87-48FA-BDC3-B2F755067448}.AppStore|ARM.ActiveCfg = Release|Any CPU
		{5AE91EBE-6A87-48FA-BDC3-B2F755067448}.AppStore|ARM.Build.0 = Release|Any CPU
		{5AE91EBE-6A87-48FA-BDC3-B2F755067448}.AppStore|iPhone.ActiveCfg = Release|Any CPU
		{5AE91EBE-6A87-48FA-BDC3-B2F755067448}.AppStore|iPhone.Build.0 = Release|Any CPU
		{5AE91EBE-6A87-48FA-BDC3-B2F755067448}.AppStore|iPhoneSimulator.ActiveCfg = Release|Any CPU
		{5AE91EBE-6A87-48FA-BDC3-B2F755067448}.AppStore|iPhoneSimulator.Build.0 = Release|Any CPU
		{5AE91EBE-6A87-48FA-BDC3-B2F755067448}.AppStore|x64.ActiveCfg = Release|Any CPU
		{5AE91EBE-6A87-48FA-BDC3-B2F755067448}.AppStore|x64.Build.0 = Release|Any CPU
		{5AE91EBE-6A87-48FA-BDC3-B2F755067448}.AppStore|x86.ActiveCfg = Release|Any CPU
		{5AE91EBE-6A87-48FA-BDC3-B2F755067448}.AppStore|x86.Build.0 = Release|Any CPU
		{5AE91EBE-6A87-48FA-BDC3-B2F755067448}.Debug|Any CPU.ActiveCfg = Debug|Any CPU
		{5AE91EBE-6A87-48FA-BDC3-B2F755067448}.Debug|Any CPU.Build.0 = Debug|Any CPU
		{5AE91EBE-6A87-48FA-BDC3-B2F755067448}.Debug|ARM.ActiveCfg = Debug|Any CPU
		{5AE91EBE-6A87-48FA-BDC3-B2F755067448}.Debug|ARM.Build.0 = Debug|Any CPU
		{5AE91EBE-6A87-48FA-BDC3-B2F755067448}.Debug|iPhone.ActiveCfg = Debug|Any CPU
		{5AE91EBE-6A87-48FA-BDC3-B2F755067448}.Debug|iPhone.Build.0 = Debug|Any CPU
		{5AE91EBE-6A87-48FA-BDC3-B2F755067448}.Debug|iPhoneSimulator.ActiveCfg = Debug|Any CPU
		{5AE91EBE-6A87-48FA-BDC3-B2F755067448}.Debug|iPhoneSimulator.Build.0 = Debug|Any CPU
		{5AE91EBE-6A87-48FA-BDC3-B2F755067448}.Debug|x64.ActiveCfg = Debug|Any CPU
		{5AE91EBE-6A87-48FA-BDC3-B2F755067448}.Debug|x64.Build.0 = Debug|Any CPU
		{5AE91EBE-6A87-48FA-BDC3-B2F755067448}.Debug|x86.ActiveCfg = Debug|Any CPU
		{5AE91EBE-6A87-48FA-BDC3-B2F755067448}.Debug|x86.Build.0 = Debug|Any CPU
		{5AE91EBE-6A87-48FA-BDC3-B2F755067448}.Release|Any CPU.ActiveCfg = Release|Any CPU
		{5AE91EBE-6A87-48FA-BDC3-B2F755067448}.Release|Any CPU.Build.0 = Release|Any CPU
		{5AE91EBE-6A87-48FA-BDC3-B2F755067448}.Release|ARM.ActiveCfg = Release|Any CPU
		{5AE91EBE-6A87-48FA-BDC3-B2F755067448}.Release|ARM.Build.0 = Release|Any CPU
		{5AE91EBE-6A87-48FA-BDC3-B2F755067448}.Release|iPhone.ActiveCfg = Release|Any CPU
		{5AE91EBE-6A87-48FA-BDC3-B2F755067448}.Release|iPhone.Build.0 = Release|Any CPU
		{5AE91EBE-6A87-48FA-BDC3-B2F755067448}.Release|iPhoneSimulator.ActiveCfg = Release|Any CPU
		{5AE91EBE-6A87-48FA-BDC3-B2F755067448}.Release|iPhoneSimulator.Build.0 = Release|Any CPU
		{5AE91EBE-6A87-48FA-BDC3-B2F755067448}.Release|x64.ActiveCfg = Release|Any CPU
		{5AE91EBE-6A87-48FA-BDC3-B2F755067448}.Release|x64.Build.0 = Release|Any CPU
		{5AE91EBE-6A87-48FA-BDC3-B2F755067448}.Release|x86.ActiveCfg = Release|Any CPU
		{5AE91EBE-6A87-48FA-BDC3-B2F755067448}.Release|x86.Build.0 = Release|Any CPU
		{F2107C90-DB35-40D6-9D09-B3715B365B10}.Ad-Hoc|Any CPU.ActiveCfg = Release|Any CPU
		{F2107C90-DB35-40D6-9D09-B3715B365B10}.Ad-Hoc|Any CPU.Build.0 = Release|Any CPU
		{F2107C90-DB35-40D6-9D09-B3715B365B10}.Ad-Hoc|ARM.ActiveCfg = Release|Any CPU
		{F2107C90-DB35-40D6-9D09-B3715B365B10}.Ad-Hoc|ARM.Build.0 = Release|Any CPU
		{F2107C90-DB35-40D6-9D09-B3715B365B10}.Ad-Hoc|iPhone.ActiveCfg = Release|Any CPU
		{F2107C90-DB35-40D6-9D09-B3715B365B10}.Ad-Hoc|iPhone.Build.0 = Release|Any CPU
		{F2107C90-DB35-40D6-9D09-B3715B365B10}.Ad-Hoc|iPhoneSimulator.ActiveCfg = Release|Any CPU
		{F2107C90-DB35-40D6-9D09-B3715B365B10}.Ad-Hoc|iPhoneSimulator.Build.0 = Release|Any CPU
		{F2107C90-DB35-40D6-9D09-B3715B365B10}.Ad-Hoc|x64.ActiveCfg = Release|Any CPU
		{F2107C90-DB35-40D6-9D09-B3715B365B10}.Ad-Hoc|x64.Build.0 = Release|Any CPU
		{F2107C90-DB35-40D6-9D09-B3715B365B10}.Ad-Hoc|x86.ActiveCfg = Release|Any CPU
		{F2107C90-DB35-40D6-9D09-B3715B365B10}.Ad-Hoc|x86.Build.0 = Release|Any CPU
		{F2107C90-DB35-40D6-9D09-B3715B365B10}.AppStore|Any CPU.ActiveCfg = Release|Any CPU
		{F2107C90-DB35-40D6-9D09-B3715B365B10}.AppStore|Any CPU.Build.0 = Release|Any CPU
		{F2107C90-DB35-40D6-9D09-B3715B365B10}.AppStore|ARM.ActiveCfg = Release|Any CPU
		{F2107C90-DB35-40D6-9D09-B3715B365B10}.AppStore|ARM.Build.0 = Release|Any CPU
		{F2107C90-DB35-40D6-9D09-B3715B365B10}.AppStore|iPhone.ActiveCfg = Release|Any CPU
		{F2107C90-DB35-40D6-9D09-B3715B365B10}.AppStore|iPhone.Build.0 = Release|Any CPU
		{F2107C90-DB35-40D6-9D09-B3715B365B10}.AppStore|iPhoneSimulator.ActiveCfg = Release|Any CPU
		{F2107C90-DB35-40D6-9D09-B3715B365B10}.AppStore|iPhoneSimulator.Build.0 = Release|Any CPU
		{F2107C90-DB35-40D6-9D09-B3715B365B10}.AppStore|x64.ActiveCfg = Release|Any CPU
		{F2107C90-DB35-40D6-9D09-B3715B365B10}.AppStore|x64.Build.0 = Release|Any CPU
		{F2107C90-DB35-40D6-9D09-B3715B365B10}.AppStore|x86.ActiveCfg = Release|Any CPU
		{F2107C90-DB35-40D6-9D09-B3715B365B10}.AppStore|x86.Build.0 = Release|Any CPU
		{F2107C90-DB35-40D6-9D09-B3715B365B10}.Debug|Any CPU.ActiveCfg = Debug|Any CPU
		{F2107C90-DB35-40D6-9D09-B3715B365B10}.Debug|Any CPU.Build.0 = Debug|Any CPU
		{F2107C90-DB35-40D6-9D09-B3715B365B10}.Debug|ARM.ActiveCfg = Debug|Any CPU
		{F2107C90-DB35-40D6-9D09-B3715B365B10}.Debug|ARM.Build.0 = Debug|Any CPU
		{F2107C90-DB35-40D6-9D09-B3715B365B10}.Debug|iPhone.ActiveCfg = Debug|Any CPU
		{F2107C90-DB35-40D6-9D09-B3715B365B10}.Debug|iPhone.Build.0 = Debug|Any CPU
		{F2107C90-DB35-40D6-9D09-B3715B365B10}.Debug|iPhoneSimulator.ActiveCfg = Debug|Any CPU
		{F2107C90-DB35-40D6-9D09-B3715B365B10}.Debug|iPhoneSimulator.Build.0 = Debug|Any CPU
		{F2107C90-DB35-40D6-9D09-B3715B365B10}.Debug|x64.ActiveCfg = Debug|Any CPU
		{F2107C90-DB35-40D6-9D09-B3715B365B10}.Debug|x64.Build.0 = Debug|Any CPU
		{F2107C90-DB35-40D6-9D09-B3715B365B10}.Debug|x86.ActiveCfg = Debug|Any CPU
		{F2107C90-DB35-40D6-9D09-B3715B365B10}.Debug|x86.Build.0 = Debug|Any CPU
		{F2107C90-DB35-40D6-9D09-B3715B365B10}.Release|Any CPU.ActiveCfg = Release|Any CPU
		{F2107C90-DB35-40D6-9D09-B3715B365B10}.Release|Any CPU.Build.0 = Release|Any CPU
		{F2107C90-DB35-40D6-9D09-B3715B365B10}.Release|ARM.ActiveCfg = Release|Any CPU
		{F2107C90-DB35-40D6-9D09-B3715B365B10}.Release|ARM.Build.0 = Release|Any CPU
		{F2107C90-DB35-40D6-9D09-B3715B365B10}.Release|iPhone.ActiveCfg = Release|Any CPU
		{F2107C90-DB35-40D6-9D09-B3715B365B10}.Release|iPhone.Build.0 = Release|Any CPU
		{F2107C90-DB35-40D6-9D09-B3715B365B10}.Release|iPhoneSimulator.ActiveCfg = Release|Any CPU
		{F2107C90-DB35-40D6-9D09-B3715B365B10}.Release|iPhoneSimulator.Build.0 = Release|Any CPU
		{F2107C90-DB35-40D6-9D09-B3715B365B10}.Release|x64.ActiveCfg = Release|Any CPU
		{F2107C90-DB35-40D6-9D09-B3715B365B10}.Release|x64.Build.0 = Release|Any CPU
		{F2107C90-DB35-40D6-9D09-B3715B365B10}.Release|x86.ActiveCfg = Release|Any CPU
		{F2107C90-DB35-40D6-9D09-B3715B365B10}.Release|x86.Build.0 = Release|Any CPU
	EndGlobalSection
	GlobalSection(SolutionProperties) = preSolution
		HideSolutionNode = FALSE
	EndGlobalSection
	GlobalSection(NestedProjects) = preSolution
		{B5D253CF-1D31-4E78-BEDE-E65DD57D2572} = {D2A2BDD4-DD1E-4453-AD3D-51B23448397E}
		{6ADD3E4D-3460-4078-9A63-072F2636A867} = {D2A2BDD4-DD1E-4453-AD3D-51B23448397E}
		{B36E3A9C-2525-4072-8058-0F4CB3616AD3} = {D2A2BDD4-DD1E-4453-AD3D-51B23448397E}
		{36294832-BB2F-46A2-B417-53CE4380F1DB} = {18A99849-2448-401F-A8F1-BE2B7F765E49}
		{C55A401E-793B-4D93-AD9C-DEE28434CAC2} = {18A99849-2448-401F-A8F1-BE2B7F765E49}
		{A4F6A673-87FF-4B38-A764-498211EF95CF} = {18A99849-2448-401F-A8F1-BE2B7F765E49}
		{806E2E2B-8B21-4CA3-8BAD-E8115CD5C48C} = {18A99849-2448-401F-A8F1-BE2B7F765E49}
		{C7BA5258-117A-4F25-9CB0-535EBD8F502E} = {D2A2BDD4-DD1E-4453-AD3D-51B23448397E}
		{3C3C018A-DE44-42B7-9C23-D6A45676063A} = {D2A2BDD4-DD1E-4453-AD3D-51B23448397E}
		{C955B1D9-D2C2-4EF9-9102-1798312FEEB2} = {D2A2BDD4-DD1E-4453-AD3D-51B23448397E}
		{F2107C90-DB35-40D6-9D09-B3715B365B10} = {D2A2BDD4-DD1E-4453-AD3D-51B23448397E}
	EndGlobalSection
EndGlobal
